
Microsoft Visual Studio Solution File, Format Version 12.00
# Visual Studio Version 17
VisualStudioVersion = 17.2.32630.192
MinimumVisualStudioVersion = 10.0.40219.1
Project("{9A19103F-16F7-4668-BE54-9A1E7A4F7556}") = "R5T.S0073", "R5T.S0073\R5T.S0073.csproj", "{56CC0B48-28EB-4FA5-81B9-31D09D282F16}"
EndProject
Project("{2150E333-8FDC-42A3-9474-1A3956D46DE8}") = "_Dependencies", "_Dependencies", "{A7E7E779-F928-4569-8E92-77C73FEB30F5}"
EndProject
Project("{9A19103F-16F7-4668-BE54-9A1E7A4F7556}") = "R5T.F0000", "..\..\R5T.F0000\source\R5T.F0000\R5T.F0000.csproj", "{91643DE7-3466-45F3-A918-317A989A044D}"
EndProject
Project("{9A19103F-16F7-4668-BE54-9A1E7A4F7556}") = "R5T.F0002", "..\..\R5T.F0002\source\R5T.F0002\R5T.F0002.csproj", "{10CEE921-3FB1-4098-B78D-0E6765BD63C0}"
EndProject
Project("{9A19103F-16F7-4668-BE54-9A1E7A4F7556}") = "R5T.F0019", "..\..\R5T.F0019\source\R5T.F0019\R5T.F0019.csproj", "{4C0AC09D-F455-4318-8AC3-1EEA751F5C94}"
EndProject
Project("{9A19103F-16F7-4668-BE54-9A1E7A4F7556}") = "R5T.F0024.T001", "..\..\R5T.F0024\source\R5T.F0024.T001\R5T.F0024.T001.csproj", "{7079508A-D8EE-4A5E-B9B9-3C3AF54DDCC3}"
EndProject
Project("{9A19103F-16F7-4668-BE54-9A1E7A4F7556}") = "R5T.F0024", "..\..\R5T.F0024\source\R5T.F0024\R5T.F0024.csproj", "{009A5997-AC21-4527-B195-6E4BF0B27551}"
EndProject
Project("{9A19103F-16F7-4668-BE54-9A1E7A4F7556}") = "R5T.F0032", "..\..\R5T.F0032\source\R5T.F0032\R5T.F0032.csproj", "{BEE73288-002C-4752-80CE-F583BF4FD859}"
EndProject
Project("{9A19103F-16F7-4668-BE54-9A1E7A4F7556}") = "R5T.F0035.F001", "..\..\R5T.F0035\source\R5T.F0035.F001\R5T.F0035.F001.csproj", "{4B138F23-438C-4714-ACC0-186019ECAF1E}"
EndProject
Project("{9A19103F-16F7-4668-BE54-9A1E7A4F7556}") = "R5T.F0041", "..\..\R5T.F0041\source\R5T.F0041\R5T.F0041.csproj", "{3E610384-AACA-4A64-B7A3-ADA4E2CD901E}"
EndProject
Project("{9A19103F-16F7-4668-BE54-9A1E7A4F7556}") = "R5T.F0042.F001", "..\..\R5T.F0042\source\R5T.F0042.F001\R5T.F0042.F001.csproj", "{C1ECD5D3-BD02-4B90-BD70-EF80B654F922}"
EndProject
Project("{9A19103F-16F7-4668-BE54-9A1E7A4F7556}") = "R5T.F0042.F002", "..\..\R5T.F0042\source\R5T.F0042.F002\R5T.F0042.F002.csproj", "{4C7F46F3-C01C-4AFB-B538-B3E85A2E2B42}"
EndProject
Project("{9A19103F-16F7-4668-BE54-9A1E7A4F7556}") = "R5T.F0042", "..\..\R5T.F0042\source\R5T.F0042\R5T.F0042.csproj", "{7CF43206-6464-49F9-9D44-16810B8A1885}"
EndProject
Project("{9A19103F-16F7-4668-BE54-9A1E7A4F7556}") = "R5T.F0044", "..\..\R5T.F0044\source\R5T.F0044\R5T.F0044.csproj", "{EA318030-5DF1-4B5D-9D9C-BAAA136C008C}"
EndProject
Project("{9A19103F-16F7-4668-BE54-9A1E7A4F7556}") = "R5T.F0046", "..\..\R5T.F0046\source\R5T.F0046\R5T.F0046.csproj", "{CF8D6D93-1AB7-4986-AFE3-E3B70BA1CD5E}"
EndProject
Project("{9A19103F-16F7-4668-BE54-9A1E7A4F7556}") = "R5T.F0047", "..\..\R5T.F0047\source\R5T.F0047\R5T.F0047.csproj", "{8A88EADD-FC33-4904-AA72-7C919746DA56}"
EndProject
Project("{9A19103F-16F7-4668-BE54-9A1E7A4F7556}") = "R5T.F0057", "..\..\R5T.F0057\source\R5T.F0057\R5T.F0057.csproj", "{C8AE8157-FAE4-4C5E-8B79-E69331A8E497}"
EndProject
Project("{9A19103F-16F7-4668-BE54-9A1E7A4F7556}") = "R5T.F0059", "..\..\R5T.F0059\source\R5T.F0059\R5T.F0059.csproj", "{CAEDBBDD-3B2C-41D1-B7D2-50E2A1B19992}"
EndProject
Project("{9A19103F-16F7-4668-BE54-9A1E7A4F7556}") = "R5T.F0091", "..\..\R5T.F0091\source\R5T.F0091\R5T.F0091.csproj", "{A1E0817F-56FE-4388-97F6-7EA9265FE613}"
EndProject
Project("{9A19103F-16F7-4668-BE54-9A1E7A4F7556}") = "R5T.F0120", "..\..\R5T.F0120\source\R5T.F0120\R5T.F0120.csproj", "{73705038-2C4D-45EA-B237-F9E3D6B99236}"
EndProject
Project("{9A19103F-16F7-4668-BE54-9A1E7A4F7556}") = "R5T.F0124", "..\..\R5T.F0124\source\R5T.F0124\R5T.F0124.csproj", "{98AD74B4-FED4-470E-96C0-F83F4CA0BE2B}"
EndProject
Project("{9A19103F-16F7-4668-BE54-9A1E7A4F7556}") = "R5T.F0125", "..\..\R5T.F0125\source\R5T.F0125\R5T.F0125.csproj", "{394A80C0-628E-43F6-9AB4-EDB65EBBAA1F}"
EndProject
Project("{9A19103F-16F7-4668-BE54-9A1E7A4F7556}") = "R5T.F0126", "..\..\R5T.F0126\source\R5T.F0126\R5T.F0126.csproj", "{15590687-8A71-4B2E-8785-053B73BA3417}"
EndProject
Project("{9A19103F-16F7-4668-BE54-9A1E7A4F7556}") = "R5T.F0129", "..\..\R5T.F0129\source\R5T.F0129\R5T.F0129.csproj", "{26FB76AE-9164-45C3-B007-6C083020553D}"
EndProject
Project("{9A19103F-16F7-4668-BE54-9A1E7A4F7556}") = "R5T.F0130", "..\..\R5T.F0130\source\R5T.F0130\R5T.F0130.csproj", "{ABBB7CE8-277D-4E35-8A6A-4879A2A12E45}"
EndProject
Project("{9A19103F-16F7-4668-BE54-9A1E7A4F7556}") = "R5T.L0001.Y000", "..\..\R5T.L0001\source\R5T.L0001.Y000\R5T.L0001.Y000.csproj", "{655991AA-9FEF-441A-832B-ABE4804BACD3}"
EndProject
Project("{9A19103F-16F7-4668-BE54-9A1E7A4F7556}") = "R5T.L0001.Z000", "..\..\R5T.L0001\source\R5T.L0001.Z000\R5T.L0001.Z000.csproj", "{E1A41E22-11C7-4DE0-9755-32FB542ED104}"
EndProject
Project("{9A19103F-16F7-4668-BE54-9A1E7A4F7556}") = "R5T.L0001", "..\..\R5T.L0001\source\R5T.L0001\R5T.L0001.csproj", "{A98CFB77-D9EA-4C4C-9DE8-C741C6151EDD}"
EndProject
Project("{9A19103F-16F7-4668-BE54-9A1E7A4F7556}") = "R5T.L0030.T000", "..\..\R5T.L0030\source\R5T.L0030.T000\R5T.L0030.T000.csproj", "{30511753-8F18-48A0-9B29-6A0CAC3A1AD2}"
EndProject
Project("{9A19103F-16F7-4668-BE54-9A1E7A4F7556}") = "R5T.L0030", "..\..\R5T.L0030\source\R5T.L0030\R5T.L0030.csproj", "{71ED3E54-3282-44CD-AFC3-1AF98D748142}"
EndProject
Project("{9A19103F-16F7-4668-BE54-9A1E7A4F7556}") = "R5T.L0031.T000", "..\..\R5T.L0031\source\R5T.L0031.T000\R5T.L0031.T000.csproj", "{95739BD9-1009-4C75-930B-9DA2EE3AB9EF}"
EndProject
Project("{9A19103F-16F7-4668-BE54-9A1E7A4F7556}") = "R5T.L0031", "..\..\R5T.L0031\source\R5T.L0031\R5T.L0031.csproj", "{302CF7AE-03E9-45FE-9B66-89312595EBB8}"
EndProject
Project("{9A19103F-16F7-4668-BE54-9A1E7A4F7556}") = "R5T.L0034", "..\..\R5T.L0034\source\R5T.L0034\R5T.L0034.csproj", "{C95E9661-2E9D-48F5-A21C-6197D26252E0}"
EndProject
Project("{9A19103F-16F7-4668-BE54-9A1E7A4F7556}") = "R5T.L0035", "..\..\R5T.L0035\source\R5T.L0035\R5T.L0035.csproj", "{6E0A19B3-0B45-4617-AFA6-20FF66E9A542}"
EndProject
Project("{9A19103F-16F7-4668-BE54-9A1E7A4F7556}") = "R5T.L0036.T000", "..\..\R5T.L0036\source\R5T.L0036.T000\R5T.L0036.T000.csproj", "{AF7F7E0F-CE6D-480E-9560-5CDAF5ED50A2}"
EndProject
Project("{9A19103F-16F7-4668-BE54-9A1E7A4F7556}") = "R5T.L0036", "..\..\R5T.L0036\source\R5T.L0036\R5T.L0036.csproj", "{A0D9D164-00D6-46A4-B2FF-0EE1CE501742}"
EndProject
Project("{9A19103F-16F7-4668-BE54-9A1E7A4F7556}") = "R5T.L0038", "..\..\R5T.L0038\source\R5T.L0038\R5T.L0038.csproj", "{C1C8BDE1-6B27-4D7D-A0C2-D2F8D7FF39EB}"
EndProject
Project("{9A19103F-16F7-4668-BE54-9A1E7A4F7556}") = "R5T.L0039.F000", "..\..\R5T.L0039\source\R5T.L0039.F000\R5T.L0039.F000.csproj", "{71AE8ADE-6F50-4C55-8803-4183145C2E8D}"
EndProject
Project("{9A19103F-16F7-4668-BE54-9A1E7A4F7556}") = "R5T.L0039.O000", "..\..\R5T.L0039\source\R5T.L0039.O000\R5T.L0039.O000.csproj", "{0DF6592C-0681-4A33-8284-C7804E976851}"
EndProject
Project("{9A19103F-16F7-4668-BE54-9A1E7A4F7556}") = "R5T.L0039.T000", "..\..\R5T.L0039\source\R5T.L0039.T000\R5T.L0039.T000.csproj", "{44072308-C38C-47CC-B7A4-4E1A49DA084A}"
EndProject
Project("{9A19103F-16F7-4668-BE54-9A1E7A4F7556}") = "R5T.L0042.F000", "..\..\R5T.L0042\source\R5T.L0042.F000\R5T.L0042.F000.csproj", "{E4EF39B9-8EB5-4FE8-8A1E-9A67533BB8EF}"
EndProject
Project("{9A19103F-16F7-4668-BE54-9A1E7A4F7556}") = "R5T.L0042.O001", "..\..\R5T.L0042\source\R5T.L0042.O001\R5T.L0042.O001.csproj", "{0E39F077-472E-4EC5-9C2A-CFEA58F59A35}"
EndProject
Project("{9A19103F-16F7-4668-BE54-9A1E7A4F7556}") = "R5T.L0042.T000", "..\..\R5T.L0042\source\R5T.L0042.T000\R5T.L0042.T000.csproj", "{00DF7F47-B956-4D13-B812-CDCE3BA645BA}"
EndProject
Project("{9A19103F-16F7-4668-BE54-9A1E7A4F7556}") = "R5T.L0042", "..\..\R5T.L0042\source\R5T.L0042\R5T.L0042.csproj", "{2D5376FA-25ED-4AD9-B0A1-71514B95BA85}"
EndProject
Project("{9A19103F-16F7-4668-BE54-9A1E7A4F7556}") = "R5T.L0047.F000", "..\..\R5T.L0047\source\R5T.L0047.F000\R5T.L0047.F000.csproj", "{FDEDFB8C-1515-4B03-B617-0A9DB5CF6FD0}"
EndProject
Project("{9A19103F-16F7-4668-BE54-9A1E7A4F7556}") = "R5T.L0047.O001", "..\..\R5T.L0047\source\R5T.L0047.O001\R5T.L0047.O001.csproj", "{36DB6AEF-0B95-4128-BF93-4FCE1802BD31}"
EndProject
Project("{9A19103F-16F7-4668-BE54-9A1E7A4F7556}") = "R5T.L0047.T000", "..\..\R5T.L0047\source\R5T.L0047.T000\R5T.L0047.T000.csproj", "{2019D8EA-AF8B-43B2-880B-65D315CA87C8}"
EndProject
Project("{9A19103F-16F7-4668-BE54-9A1E7A4F7556}") = "R5T.L0047", "..\..\R5T.L0047\source\R5T.L0047\R5T.L0047.csproj", "{C67CC01D-ABC9-4A04-8685-9CA46929DD11}"
EndProject
Project("{9A19103F-16F7-4668-BE54-9A1E7A4F7556}") = "R5T.NG0002", "..\..\R5T.NG0002\source\R5T.NG0002\R5T.NG0002.csproj", "{553A3A5B-E750-4BCC-A16E-6AC127DD585A}"
EndProject
Project("{9A19103F-16F7-4668-BE54-9A1E7A4F7556}") = "R5T.NG0005", "..\..\R5T.NG0005\source\R5T.NG0005\R5T.NG0005.csproj", "{C5D7F8E9-5592-4A0D-8563-56FB7DF4F261}"
EndProject
Project("{9A19103F-16F7-4668-BE54-9A1E7A4F7556}") = "R5T.NG0006", "..\..\R5T.NG0006\source\R5T.NG0006\R5T.NG0006.csproj", "{455CE13E-8DEC-4016-B87A-8DDFA652A26C}"
EndProject
Project("{9A19103F-16F7-4668-BE54-9A1E7A4F7556}") = "R5T.NG0007", "..\..\R5T.NG0007\source\R5T.NG0007\R5T.NG0007.csproj", "{B63A19C9-996F-484A-82C2-374B62B445B3}"
EndProject
Project("{9A19103F-16F7-4668-BE54-9A1E7A4F7556}") = "R5T.NG0008", "..\..\R5T.NG0008\source\R5T.NG0008\R5T.NG0008.csproj", "{DE242ED6-35C5-4671-A275-83FA5421A114}"
EndProject
Project("{9A19103F-16F7-4668-BE54-9A1E7A4F7556}") = "R5T.O0016", "..\..\R5T.O0016\source\R5T.O0016\R5T.O0016.csproj", "{83BE2FBE-FCD6-46BD-8000-798AB63217B2}"
EndProject
Project("{9A19103F-16F7-4668-BE54-9A1E7A4F7556}") = "R5T.T0046", "..\..\R5T.T0046\source\R5T.T0046\R5T.T0046.csproj", "{57C430E3-BFAE-4EE1-86A9-08B049CEB015}"
EndProject
Project("{9A19103F-16F7-4668-BE54-9A1E7A4F7556}") = "R5T.T0131", "..\..\R5T.T0131\source\R5T.T0131\R5T.T0131.csproj", "{AB0C2235-C09A-46D2-9BEF-6BC0167DA361}"
EndProject
Project("{9A19103F-16F7-4668-BE54-9A1E7A4F7556}") = "R5T.T0132", "..\..\R5T.T0132\source\R5T.T0132\R5T.T0132.csproj", "{3EE1C3C8-9123-40BF-9944-913405220756}"
EndProject
Project("{9A19103F-16F7-4668-BE54-9A1E7A4F7556}") = "R5T.T0137", "..\..\R5T.T0137\source\R5T.T0137\R5T.T0137.csproj", "{692BF36A-68C1-4273-9688-7A12B28244D3}"
EndProject
Project("{9A19103F-16F7-4668-BE54-9A1E7A4F7556}") = "R5T.T0142", "..\..\R5T.T0142\source\R5T.T0142\R5T.T0142.csproj", "{9450B2CB-B3B6-449C-A9C6-2B0FE4178C76}"
EndProject
Project("{9A19103F-16F7-4668-BE54-9A1E7A4F7556}") = "R5T.T0143", "..\..\R5T.T0143\source\R5T.T0143\R5T.T0143.csproj", "{2E236008-5F9F-4720-B0B2-7F05861661A1}"
EndProject
Project("{9A19103F-16F7-4668-BE54-9A1E7A4F7556}") = "R5T.T0144", "..\..\R5T.T0144\source\R5T.T0144\R5T.T0144.csproj", "{C17D1D7A-8FC0-47DA-B3D0-38B0782C3899}"
EndProject
Project("{9A19103F-16F7-4668-BE54-9A1E7A4F7556}") = "R5T.T0148", "..\..\R5T.T0148\source\R5T.T0148\R5T.T0148.csproj", "{236551D7-EF3C-4098-A601-3C2BB210DADB}"
EndProject
Project("{9A19103F-16F7-4668-BE54-9A1E7A4F7556}") = "R5T.T0150", "..\..\R5T.T0150\source\R5T.T0150\R5T.T0150.csproj", "{68503BA7-4340-40C3-9470-307E902B0A74}"
EndProject
Project("{9A19103F-16F7-4668-BE54-9A1E7A4F7556}") = "R5T.T0151", "..\..\R5T.T0151\source\R5T.T0151\R5T.T0151.csproj", "{12BB033A-B991-4AA6-84E4-A5C7592BF577}"
EndProject
Project("{9A19103F-16F7-4668-BE54-9A1E7A4F7556}") = "R5T.T0156", "..\..\R5T.T0156\source\R5T.T0156\R5T.T0156.csproj", "{A9E4F1D9-81DB-4DCD-9407-0894748F094F}"
EndProject
Project("{9A19103F-16F7-4668-BE54-9A1E7A4F7556}") = "R5T.T0158.F000", "..\..\R5T.T0158\source\R5T.T0158.F000\R5T.T0158.F000.csproj", "{B4B9D134-9A6E-4F56-B67D-B3674670579A}"
EndProject
Project("{9A19103F-16F7-4668-BE54-9A1E7A4F7556}") = "R5T.T0158.T000", "..\..\R5T.T0158\source\R5T.T0158.T000\R5T.T0158.T000.csproj", "{EC5DEC79-8EFF-4D43-94B1-A90169E08744}"
EndProject
Project("{9A19103F-16F7-4668-BE54-9A1E7A4F7556}") = "R5T.T0158", "..\..\R5T.T0158\source\R5T.T0158\R5T.T0158.csproj", "{AACB297F-CAEA-428C-B1EB-63E496CEE706}"
EndProject
Project("{9A19103F-16F7-4668-BE54-9A1E7A4F7556}") = "R5T.T0159.F000", "..\..\R5T.T0159\source\R5T.T0159.F000\R5T.T0159.F000.csproj", "{4F1F3CF2-A0E4-4BE3-B530-C8F5D84CC4A7}"
EndProject
Project("{9A19103F-16F7-4668-BE54-9A1E7A4F7556}") = "R5T.T0159", "..\..\R5T.T0159\source\R5T.T0159\R5T.T0159.csproj", "{21063F20-6644-4CB3-85FF-7D1C2124626B}"
EndProject
Project("{9A19103F-16F7-4668-BE54-9A1E7A4F7556}") = "R5T.T0172", "..\..\R5T.T0172\source\R5T.T0172\R5T.T0172.csproj", "{6F174C5F-24FB-4CFB-A6EC-7256630C5725}"
EndProject
Project("{9A19103F-16F7-4668-BE54-9A1E7A4F7556}") = "R5T.T0174", "..\..\R5T.T0174\source\R5T.T0174\R5T.T0174.csproj", "{DD9F3C07-24AD-4C3D-9340-4AF490FC198C}"
EndProject
Project("{9A19103F-16F7-4668-BE54-9A1E7A4F7556}") = "R5T.T0175", "..\..\R5T.T0175\source\R5T.T0175\R5T.T0175.csproj", "{C0522243-1B64-467C-A930-C7D811DC48C6}"
EndProject
Project("{9A19103F-16F7-4668-BE54-9A1E7A4F7556}") = "R5T.T0176", "..\..\R5T.T0176\source\R5T.T0176\R5T.T0176.csproj", "{A6309D57-9AB9-4399-8997-15E48EEA5A22}"
EndProject
Project("{9A19103F-16F7-4668-BE54-9A1E7A4F7556}") = "R5T.T0177", "..\..\R5T.T0177\source\R5T.T0177\R5T.T0177.csproj", "{EFBD9342-6C20-4FE3-91A1-9BF17C91704A}"
EndProject
Project("{9A19103F-16F7-4668-BE54-9A1E7A4F7556}") = "R5T.T0178", "..\..\R5T.T0178\source\R5T.T0178\R5T.T0178.csproj", "{84160F4E-D8C5-4708-9C6E-2499975E6BB2}"
EndProject
Project("{9A19103F-16F7-4668-BE54-9A1E7A4F7556}") = "R5T.T0179", "..\..\R5T.T0179\source\R5T.T0179\R5T.T0179.csproj", "{D6EDC415-40CC-4F05-BDB1-6249AEADAC7F}"
EndProject
Project("{9A19103F-16F7-4668-BE54-9A1E7A4F7556}") = "R5T.T0180", "..\..\R5T.T0180\source\R5T.T0180\R5T.T0180.csproj", "{F94A72A5-706F-482D-8EEE-E7CA0EF925E6}"
EndProject
Project("{9A19103F-16F7-4668-BE54-9A1E7A4F7556}") = "R5T.T0181", "..\..\R5T.T0181\source\R5T.T0181\R5T.T0181.csproj", "{53D292BF-71A3-435B-8F00-50ECAB603FC8}"
EndProject
Project("{9A19103F-16F7-4668-BE54-9A1E7A4F7556}") = "R5T.T0184", "..\..\R5T.T0184\source\R5T.T0184\R5T.T0184.csproj", "{AFCC1514-0629-4DA2-969D-D41CF67A39E9}"
EndProject
Project("{9A19103F-16F7-4668-BE54-9A1E7A4F7556}") = "R5T.T0185", "..\..\R5T.T0185\source\R5T.T0185\R5T.T0185.csproj", "{533AE6A8-105E-4AAA-8B44-AA3ED31688B5}"
EndProject
Project("{9A19103F-16F7-4668-BE54-9A1E7A4F7556}") = "R5T.T0186", "..\..\R5T.T0186\source\R5T.T0186\R5T.T0186.csproj", "{A7A5B938-C839-4A05-A256-C4E7772B53E3}"
EndProject
Project("{9A19103F-16F7-4668-BE54-9A1E7A4F7556}") = "R5T.T0187", "..\..\R5T.T0187\source\R5T.T0187\R5T.T0187.csproj", "{4CE122F9-2681-47D8-9A2B-F87655134021}"
EndProject
Project("{9A19103F-16F7-4668-BE54-9A1E7A4F7556}") = "R5T.T0188", "..\..\R5T.T0188\source\R5T.T0188\R5T.T0188.csproj", "{4D468544-B7C6-4E26-926C-3D61D76593B8}"
EndProject
Project("{9A19103F-16F7-4668-BE54-9A1E7A4F7556}") = "R5T.T0189", "..\..\R5T.T0189\source\R5T.T0189\R5T.T0189.csproj", "{90B0A851-F11B-449C-A817-59BD6FFF9D5E}"
EndProject
Project("{9A19103F-16F7-4668-BE54-9A1E7A4F7556}") = "R5T.T0190", "..\..\R5T.T0190\source\R5T.T0190\R5T.T0190.csproj", "{1F8635E4-05D3-4851-A94B-B3FF7937D6B1}"
EndProject
Project("{9A19103F-16F7-4668-BE54-9A1E7A4F7556}") = "R5T.T0191", "..\..\R5T.T0191\source\R5T.T0191\R5T.T0191.csproj", "{0C593B08-35FD-4BAB-911B-BECF6F075733}"
EndProject
Project("{9A19103F-16F7-4668-BE54-9A1E7A4F7556}") = "R5T.T0192", "..\..\R5T.T0192\source\R5T.T0192\R5T.T0192.csproj", "{11DD32CD-2577-43D6-BE16-D0B8AC25FF71}"
EndProject
Project("{9A19103F-16F7-4668-BE54-9A1E7A4F7556}") = "R5T.T0194", "..\..\R5T.T0194\source\R5T.T0194\R5T.T0194.csproj", "{422E5AE9-2907-46A9-8602-9C6511B08D58}"
EndProject
Project("{9A19103F-16F7-4668-BE54-9A1E7A4F7556}") = "R5T.T0198", "..\..\R5T.T0198\source\R5T.T0198\R5T.T0198.csproj", "{7EC436A6-AD77-4606-AC5A-B3FCDECCE1CF}"
EndProject
Project("{9A19103F-16F7-4668-BE54-9A1E7A4F7556}") = "R5T.T0200", "..\..\R5T.T0200\source\R5T.T0200\R5T.T0200.csproj", "{965E5076-6AC6-45CD-9A1C-58843B0B3131}"
EndProject
Project("{9A19103F-16F7-4668-BE54-9A1E7A4F7556}") = "R5T.T0203", "..\..\R5T.T0203\source\R5T.T0203\R5T.T0203.csproj", "{041D8E73-2BA6-43DB-874B-C0DC5B272292}"
EndProject
Project("{9A19103F-16F7-4668-BE54-9A1E7A4F7556}") = "R5T.Y0000", "..\..\R5T.Y0000\source\R5T.Y0000\R5T.Y0000.csproj", "{DBBA0FF9-9E62-499C-83F0-1671CC8E29C3}"
EndProject
Project("{9A19103F-16F7-4668-BE54-9A1E7A4F7556}") = "R5T.Y0004", "..\..\R5T.Y0004\source\R5T.Y0004\R5T.Y0004.csproj", "{76F480D3-C9E2-4F38-BA36-015E76738162}"
EndProject
Project("{9A19103F-16F7-4668-BE54-9A1E7A4F7556}") = "R5T.Z0000", "..\..\R5T.Z0000\source\R5T.Z0000\R5T.Z0000.csproj", "{9459359D-3760-4425-A060-362580F73831}"
EndProject
Project("{9A19103F-16F7-4668-BE54-9A1E7A4F7556}") = "R5T.Z0005", "..\..\R5T.Z0005\source\R5T.Z0005\R5T.Z0005.csproj", "{AC9FE863-160F-4A9C-B8DF-7D0AC29F420B}"
EndProject
Project("{9A19103F-16F7-4668-BE54-9A1E7A4F7556}") = "R5T.Z0009", "..\..\R5T.Z0009\source\R5T.Z0009\R5T.Z0009.csproj", "{3A00CD4C-B6EF-40EC-B0EB-0F28AB14509F}"
EndProject
Project("{9A19103F-16F7-4668-BE54-9A1E7A4F7556}") = "R5T.Z0013", "..\..\R5T.Z0013\source\R5T.Z0013\R5T.Z0013.csproj", "{40D415B3-ECCF-4F60-A17B-200163816ECA}"
EndProject
Project("{9A19103F-16F7-4668-BE54-9A1E7A4F7556}") = "R5T.Z0036", "..\..\R5T.Z0036\source\R5T.Z0036\R5T.Z0036.csproj", "{DD3D62F4-0AA1-4992-853E-195E0689D6BF}"
EndProject
Project("{9A19103F-16F7-4668-BE54-9A1E7A4F7556}") = "R5T.Z0044.Z001", "..\..\R5T.Z0044\source\R5T.Z0044.Z001\R5T.Z0044.Z001.csproj", "{E24CB23E-6199-4FE3-AFB7-1C9B092A9838}"
EndProject
Project("{9A19103F-16F7-4668-BE54-9A1E7A4F7556}") = "R5T.L0032.T000", "..\..\R5T.L0032\source\R5T.L0032.T000\R5T.L0032.T000.csproj", "{7203CC73-4F54-4D5B-B3F3-20BDC01174AD}"
EndProject
Project("{9A19103F-16F7-4668-BE54-9A1E7A4F7556}") = "R5T.T0161", "..\..\R5T.T0161\source\R5T.T0161\R5T.T0161.csproj", "{C105C443-207F-4AF2-A896-62487298BAD7}"
EndProject
Project("{9A19103F-16F7-4668-BE54-9A1E7A4F7556}") = "R5T.T0196", "..\..\R5T.T0196\source\R5T.T0196\R5T.T0196.csproj", "{9DB99D95-65DF-43BD-961A-1BB68053C46A}"
EndProject
Project("{9A19103F-16F7-4668-BE54-9A1E7A4F7556}") = "R5T.T0197", "..\..\R5T.T0197\source\R5T.T0197\R5T.T0197.csproj", "{72CACF1E-3C13-42E5-8291-6D72875345A1}"
EndProject
Project("{9A19103F-16F7-4668-BE54-9A1E7A4F7556}") = "R5T.Z0046", "..\..\R5T.Z0046\source\R5T.Z0046\R5T.Z0046.csproj", "{0B4EA2B9-52A2-4425-8FE7-7D1CD903E67F}"
EndProject
Project("{9A19103F-16F7-4668-BE54-9A1E7A4F7556}") = "R5T.Z0043", "..\..\R5T.Z0043\source\R5T.Z0043\R5T.Z0043.csproj", "{7901C5FC-2A5D-4149-A9D1-14628C26B590}"
EndProject
Project("{9A19103F-16F7-4668-BE54-9A1E7A4F7556}") = "R5T.F0016.F001", "..\..\R5T.F0016\source\R5T.F0016.F001\R5T.F0016.F001.csproj", "{2F7371DB-CE00-41F2-BC21-5777BF29E94A}"
EndProject
Project("{9A19103F-16F7-4668-BE54-9A1E7A4F7556}") = "R5T.F0016", "..\..\R5T.F0016\source\R5T.F0016\R5T.F0016.csproj", "{4F0431B9-228C-48F9-A27C-ABD56A8F453D}"
EndProject
Project("{9A19103F-16F7-4668-BE54-9A1E7A4F7556}") = "R5T.F0020", "..\..\R5T.F0020\source\R5T.F0020\R5T.F0020.csproj", "{EC812843-837D-4DAB-97DF-2B4ED06E3659}"
EndProject
Project("{9A19103F-16F7-4668-BE54-9A1E7A4F7556}") = "R5T.F0040.F000", "..\..\R5T.F0040\source\R5T.F0040.F000\R5T.F0040.F000.csproj", "{DC70AE3F-3D0A-40CD-A45D-FE7960EE35C3}"
EndProject
Project("{9A19103F-16F7-4668-BE54-9A1E7A4F7556}") = "R5T.F0050", "..\..\R5T.F0050\source\R5T.F0050\R5T.F0050.csproj", "{08B54DAC-FBCF-4C17-AF84-BA78E1F66A56}"
EndProject
Project("{9A19103F-16F7-4668-BE54-9A1E7A4F7556}") = "R5T.F0051", "..\..\R5T.F0051\source\R5T.F0051\R5T.F0051.csproj", "{E8EAEBCC-6909-402D-9D07-02E50ECDF40A}"
EndProject
Project("{9A19103F-16F7-4668-BE54-9A1E7A4F7556}") = "R5T.F0052", "..\..\R5T.F0052\source\R5T.F0052\R5T.F0052.csproj", "{5255346D-20E6-4BD8-BE6C-2F95E41FB187}"
EndProject
Project("{9A19103F-16F7-4668-BE54-9A1E7A4F7556}") = "R5T.F0053", "..\..\R5T.F0053\source\R5T.F0053\R5T.F0053.csproj", "{04AB74B7-A193-4E3A-83B4-25F49924279B}"
EndProject
Project("{9A19103F-16F7-4668-BE54-9A1E7A4F7556}") = "R5T.F0054", "..\..\R5T.F0054\source\R5T.F0054\R5T.F0054.csproj", "{9FCABF28-B487-4E51-AD76-56BEEA96E192}"
EndProject
Project("{9A19103F-16F7-4668-BE54-9A1E7A4F7556}") = "R5T.F0056", "..\..\R5T.F0056\source\R5T.F0056\R5T.F0056.csproj", "{F75F4CA3-479F-4BF5-849B-51EA3DA4B877}"
EndProject
Project("{9A19103F-16F7-4668-BE54-9A1E7A4F7556}") = "R5T.F0063.F001", "..\..\R5T.F0063\source\R5T.F0063.F001\R5T.F0063.F001.csproj", "{51EDB1BA-DD8D-4C0D-BEB8-79C642174B1C}"
EndProject
Project("{9A19103F-16F7-4668-BE54-9A1E7A4F7556}") = "R5T.F0063", "..\..\R5T.F0063\source\R5T.F0063\R5T.F0063.csproj", "{496EFD36-3E7A-4973-8E25-6CD47197B7BA}"
EndProject
Project("{9A19103F-16F7-4668-BE54-9A1E7A4F7556}") = "R5T.F0078", "..\..\R5T.F0078\source\R5T.F0078\R5T.F0078.csproj", "{3A04E297-E813-4C42-974E-8CBE2591E9AF}"
EndProject
Project("{9A19103F-16F7-4668-BE54-9A1E7A4F7556}") = "R5T.F0079", "..\..\R5T.F0079\source\R5T.F0079\R5T.F0079.csproj", "{5B5C0A8C-B893-44CE-ADC2-7DEAC09BAA2F}"
EndProject
Project("{9A19103F-16F7-4668-BE54-9A1E7A4F7556}") = "R5T.F0083.R001", "..\..\R5T.F0083\source\R5T.F0083.R001\R5T.F0083.R001.csproj", "{D2A21A43-98DD-4D86-9574-721F71F35776}"
EndProject
Project("{9A19103F-16F7-4668-BE54-9A1E7A4F7556}") = "R5T.F0083", "..\..\R5T.F0083\source\R5T.F0083\R5T.F0083.csproj", "{A0E425B6-9015-4C30-A0A6-C748796A5B75}"
EndProject
Project("{9A19103F-16F7-4668-BE54-9A1E7A4F7556}") = "R5T.F0086", "..\..\R5T.F0086\source\R5T.F0086\R5T.F0086.csproj", "{EB9CF976-BB86-43C8-ACC2-23B8AF965721}"
EndProject
Project("{9A19103F-16F7-4668-BE54-9A1E7A4F7556}") = "R5T.F0131", "..\..\R5T.F0131\source\R5T.F0131\R5T.F0131.csproj", "{D2D27FA0-A68B-41B3-B250-EF2F967970E8}"
EndProject
Project("{9A19103F-16F7-4668-BE54-9A1E7A4F7556}") = "R5T.F0132", "..\..\R5T.F0132\source\R5T.F0132\R5T.F0132.csproj", "{3ECE750B-3298-4A82-97A3-1A54C81FA00E}"
EndProject
Project("{9A19103F-16F7-4668-BE54-9A1E7A4F7556}") = "R5T.L0032.Z000", "..\..\R5T.L0032\source\R5T.L0032.Z000\R5T.L0032.Z000.csproj", "{AC8D5303-9C9D-4665-B646-D04831FE1F5E}"
EndProject
Project("{9A19103F-16F7-4668-BE54-9A1E7A4F7556}") = "R5T.L0032", "..\..\R5T.L0032\source\R5T.L0032\R5T.L0032.csproj", "{0E56142F-9DDE-4BB6-8387-5E24059FE833}"
EndProject
Project("{9A19103F-16F7-4668-BE54-9A1E7A4F7556}") = "R5T.L0033.T000", "..\..\R5T.L0033\source\R5T.L0033.T000\R5T.L0033.T000.csproj", "{D4FFBE09-0517-4C35-A1A4-F75DCC43CF9F}"
EndProject
Project("{9A19103F-16F7-4668-BE54-9A1E7A4F7556}") = "R5T.L0033", "..\..\R5T.L0033\source\R5T.L0033\R5T.L0033.csproj", "{FA9FD4C4-B2F3-4016-B50E-4B2FC422DFE1}"
EndProject
Project("{9A19103F-16F7-4668-BE54-9A1E7A4F7556}") = "R5T.L0037", "..\..\R5T.L0037\source\R5T.L0037\R5T.L0037.csproj", "{9291549F-3D1F-456C-8F0B-A13DC3860832}"
EndProject
Project("{9A19103F-16F7-4668-BE54-9A1E7A4F7556}") = "R5T.L0039.O001", "..\..\R5T.L0039\source\R5T.L0039.O001\R5T.L0039.O001.csproj", "{B6C3EC1D-6F9F-49FD-94D2-2269E26FAD24}"
EndProject
Project("{9A19103F-16F7-4668-BE54-9A1E7A4F7556}") = "R5T.L0039", "..\..\R5T.L0039\source\R5T.L0039\R5T.L0039.csproj", "{5DAF8B0E-1102-4750-A8EF-5F0D0B7D70BF}"
EndProject
Project("{9A19103F-16F7-4668-BE54-9A1E7A4F7556}") = "R5T.L0040.F000", "..\..\R5T.L0040\source\R5T.L0040.F000\R5T.L0040.F000.csproj", "{1222DDCD-72DC-4240-8D2B-43ED4CFFBC73}"
EndProject
Project("{9A19103F-16F7-4668-BE54-9A1E7A4F7556}") = "R5T.L0040.O001", "..\..\R5T.L0040\source\R5T.L0040.O001\R5T.L0040.O001.csproj", "{8D8B87FB-D15D-432A-A1C0-BCB6801F1DD8}"
EndProject
Project("{9A19103F-16F7-4668-BE54-9A1E7A4F7556}") = "R5T.L0040.O002", "..\..\R5T.L0040\source\R5T.L0040.O002\R5T.L0040.O002.csproj", "{9BFA4560-FBE3-48AE-AC61-79FEA144D256}"
EndProject
Project("{9A19103F-16F7-4668-BE54-9A1E7A4F7556}") = "R5T.L0040.T000", "..\..\R5T.L0040\source\R5T.L0040.T000\R5T.L0040.T000.csproj", "{89F18BE2-7388-4C12-BC4F-EDFC7AADEC4D}"
EndProject
Project("{9A19103F-16F7-4668-BE54-9A1E7A4F7556}") = "R5T.L0040", "..\..\R5T.L0040\source\R5T.L0040\R5T.L0040.csproj", "{603D4863-CF8D-4F79-98AC-949CB4DB7126}"
EndProject
Project("{9A19103F-16F7-4668-BE54-9A1E7A4F7556}") = "R5T.L0041", "..\..\R5T.L0041\source\R5T.L0041\R5T.L0041.csproj", "{E9276156-4855-4D94-86AA-A9349E147A0D}"
EndProject
Project("{9A19103F-16F7-4668-BE54-9A1E7A4F7556}") = "R5T.NG0009", "..\..\R5T.NG0009\source\R5T.NG0009\R5T.NG0009.csproj", "{64D4C2DA-BF65-472E-A99A-E4F0E4B2D184}"
EndProject
Project("{9A19103F-16F7-4668-BE54-9A1E7A4F7556}") = "R5T.NG0014", "..\..\R5T.NG0014\source\R5T.NG0014\R5T.NG0014.csproj", "{AC269AB5-BAAD-4A8C-BB5B-5CBE587F0A24}"
EndProject
Project("{9A19103F-16F7-4668-BE54-9A1E7A4F7556}") = "R5T.O0003", "..\..\R5T.O0003\source\R5T.O0003\R5T.O0003.csproj", "{91B73769-DC59-4648-9DAD-017865D66E14}"
EndProject
Project("{9A19103F-16F7-4668-BE54-9A1E7A4F7556}") = "R5T.O0004", "..\..\R5T.O0004\source\R5T.O0004\R5T.O0004.csproj", "{9E7EF533-558E-4D87-915B-E8B2CD2D61F1}"
EndProject
Project("{9A19103F-16F7-4668-BE54-9A1E7A4F7556}") = "R5T.O0008", "..\..\R5T.O0008\source\R5T.O0008\R5T.O0008.csproj", "{DBAEF165-5A20-44F4-B2FB-9348B6997380}"
EndProject
Project("{9A19103F-16F7-4668-BE54-9A1E7A4F7556}") = "R5T.T0152", "..\..\R5T.T0152\source\R5T.T0152\R5T.T0152.csproj", "{EAC3CCD1-3921-4798-9028-ED6168308578}"
EndProject
Project("{9A19103F-16F7-4668-BE54-9A1E7A4F7556}") = "R5T.T0154", "..\..\R5T.T0154\source\R5T.T0154\R5T.T0154.csproj", "{226A94D1-8B5E-4B6F-B90F-1DDA3B061272}"
EndProject
Project("{9A19103F-16F7-4668-BE54-9A1E7A4F7556}") = "R5T.T0193", "..\..\R5T.T0193\source\R5T.T0193\R5T.T0193.csproj", "{3CBC99C2-87E4-40F4-A2E9-42DF40CEF7D2}"
EndProject
Project("{9A19103F-16F7-4668-BE54-9A1E7A4F7556}") = "R5T.T0195", "..\..\R5T.T0195\source\R5T.T0195\R5T.T0195.csproj", "{E5B31D67-A1FA-447D-882F-B57F412D7D15}"
EndProject
Project("{9A19103F-16F7-4668-BE54-9A1E7A4F7556}") = "R5T.T0202", "..\..\R5T.T0202\source\R5T.T0202\R5T.T0202.csproj", "{F3396C37-60F7-4B7F-97BB-AFBC5EFA17CB}"
EndProject
Project("{9A19103F-16F7-4668-BE54-9A1E7A4F7556}") = "R5T.T0205", "..\..\R5T.T0205\source\R5T.T0205\R5T.T0205.csproj", "{3E3E0C14-24B2-4DD5-9DF3-9DBA058CE354}"
EndProject
Project("{9A19103F-16F7-4668-BE54-9A1E7A4F7556}") = "R5T.T0206", "..\..\R5T.T0206\source\R5T.T0206\R5T.T0206.csproj", "{D5BE092D-0355-45B4-A561-FD33927D03AB}"
EndProject
Project("{9A19103F-16F7-4668-BE54-9A1E7A4F7556}") = "R5T.Z0045", "..\..\R5T.Z0045\source\R5T.Z0045\R5T.Z0045.csproj", "{5AD1906E-BDE4-4ED1-A47E-5DBD9BFAEFA9}"
EndProject
Project("{9A19103F-16F7-4668-BE54-9A1E7A4F7556}") = "R5T.Z0048", "..\..\R5T.Z0048\source\R5T.Z0048\R5T.Z0048.csproj", "{8FB9CB34-F418-4AC5-82E2-3B0B5E8A0A8E}"
EndProject
Project("{9A19103F-16F7-4668-BE54-9A1E7A4F7556}") = "R5T.Z0050", "..\..\R5T.Z0050\source\R5T.Z0050\R5T.Z0050.csproj", "{74D7DF61-06EA-4DCF-81AC-539D8211CF9F}"
EndProject
Project("{9A19103F-16F7-4668-BE54-9A1E7A4F7556}") = "R5T.Z0051", "..\..\R5T.Z0051\source\R5T.Z0051\R5T.Z0051.csproj", "{641438FF-4FEB-4E72-9ECE-0D6BCF853A54}"
EndProject
Global
	GlobalSection(NestedProjects) = preSolution
		{91643DE7-3466-45F3-A918-317A989A044D} = {A7E7E779-F928-4569-8E92-77C73FEB30F5}
		{10CEE921-3FB1-4098-B78D-0E6765BD63C0} = {A7E7E779-F928-4569-8E92-77C73FEB30F5}
		{4C0AC09D-F455-4318-8AC3-1EEA751F5C94} = {A7E7E779-F928-4569-8E92-77C73FEB30F5}
		{7079508A-D8EE-4A5E-B9B9-3C3AF54DDCC3} = {A7E7E779-F928-4569-8E92-77C73FEB30F5}
		{009A5997-AC21-4527-B195-6E4BF0B27551} = {A7E7E779-F928-4569-8E92-77C73FEB30F5}
		{BEE73288-002C-4752-80CE-F583BF4FD859} = {A7E7E779-F928-4569-8E92-77C73FEB30F5}
		{4B138F23-438C-4714-ACC0-186019ECAF1E} = {A7E7E779-F928-4569-8E92-77C73FEB30F5}
		{3E610384-AACA-4A64-B7A3-ADA4E2CD901E} = {A7E7E779-F928-4569-8E92-77C73FEB30F5}
		{C1ECD5D3-BD02-4B90-BD70-EF80B654F922} = {A7E7E779-F928-4569-8E92-77C73FEB30F5}
		{4C7F46F3-C01C-4AFB-B538-B3E85A2E2B42} = {A7E7E779-F928-4569-8E92-77C73FEB30F5}
		{7CF43206-6464-49F9-9D44-16810B8A1885} = {A7E7E779-F928-4569-8E92-77C73FEB30F5}
		{EA318030-5DF1-4B5D-9D9C-BAAA136C008C} = {A7E7E779-F928-4569-8E92-77C73FEB30F5}
		{CF8D6D93-1AB7-4986-AFE3-E3B70BA1CD5E} = {A7E7E779-F928-4569-8E92-77C73FEB30F5}
		{8A88EADD-FC33-4904-AA72-7C919746DA56} = {A7E7E779-F928-4569-8E92-77C73FEB30F5}
		{C8AE8157-FAE4-4C5E-8B79-E69331A8E497} = {A7E7E779-F928-4569-8E92-77C73FEB30F5}
		{CAEDBBDD-3B2C-41D1-B7D2-50E2A1B19992} = {A7E7E779-F928-4569-8E92-77C73FEB30F5}
		{A1E0817F-56FE-4388-97F6-7EA9265FE613} = {A7E7E779-F928-4569-8E92-77C73FEB30F5}
		{73705038-2C4D-45EA-B237-F9E3D6B99236} = {A7E7E779-F928-4569-8E92-77C73FEB30F5}
		{98AD74B4-FED4-470E-96C0-F83F4CA0BE2B} = {A7E7E779-F928-4569-8E92-77C73FEB30F5}
		{394A80C0-628E-43F6-9AB4-EDB65EBBAA1F} = {A7E7E779-F928-4569-8E92-77C73FEB30F5}
		{15590687-8A71-4B2E-8785-053B73BA3417} = {A7E7E779-F928-4569-8E92-77C73FEB30F5}
		{26FB76AE-9164-45C3-B007-6C083020553D} = {A7E7E779-F928-4569-8E92-77C73FEB30F5}
		{ABBB7CE8-277D-4E35-8A6A-4879A2A12E45} = {A7E7E779-F928-4569-8E92-77C73FEB30F5}
		{655991AA-9FEF-441A-832B-ABE4804BACD3} = {A7E7E779-F928-4569-8E92-77C73FEB30F5}
		{E1A41E22-11C7-4DE0-9755-32FB542ED104} = {A7E7E779-F928-4569-8E92-77C73FEB30F5}
		{A98CFB77-D9EA-4C4C-9DE8-C741C6151EDD} = {A7E7E779-F928-4569-8E92-77C73FEB30F5}
		{30511753-8F18-48A0-9B29-6A0CAC3A1AD2} = {A7E7E779-F928-4569-8E92-77C73FEB30F5}
		{71ED3E54-3282-44CD-AFC3-1AF98D748142} = {A7E7E779-F928-4569-8E92-77C73FEB30F5}
		{95739BD9-1009-4C75-930B-9DA2EE3AB9EF} = {A7E7E779-F928-4569-8E92-77C73FEB30F5}
		{302CF7AE-03E9-45FE-9B66-89312595EBB8} = {A7E7E779-F928-4569-8E92-77C73FEB30F5}
		{C95E9661-2E9D-48F5-A21C-6197D26252E0} = {A7E7E779-F928-4569-8E92-77C73FEB30F5}
		{6E0A19B3-0B45-4617-AFA6-20FF66E9A542} = {A7E7E779-F928-4569-8E92-77C73FEB30F5}
		{AF7F7E0F-CE6D-480E-9560-5CDAF5ED50A2} = {A7E7E779-F928-4569-8E92-77C73FEB30F5}
		{A0D9D164-00D6-46A4-B2FF-0EE1CE501742} = {A7E7E779-F928-4569-8E92-77C73FEB30F5}
		{C1C8BDE1-6B27-4D7D-A0C2-D2F8D7FF39EB} = {A7E7E779-F928-4569-8E92-77C73FEB30F5}
		{71AE8ADE-6F50-4C55-8803-4183145C2E8D} = {A7E7E779-F928-4569-8E92-77C73FEB30F5}
		{0DF6592C-0681-4A33-8284-C7804E976851} = {A7E7E779-F928-4569-8E92-77C73FEB30F5}
		{44072308-C38C-47CC-B7A4-4E1A49DA084A} = {A7E7E779-F928-4569-8E92-77C73FEB30F5}
		{E4EF39B9-8EB5-4FE8-8A1E-9A67533BB8EF} = {A7E7E779-F928-4569-8E92-77C73FEB30F5}
		{0E39F077-472E-4EC5-9C2A-CFEA58F59A35} = {A7E7E779-F928-4569-8E92-77C73FEB30F5}
		{00DF7F47-B956-4D13-B812-CDCE3BA645BA} = {A7E7E779-F928-4569-8E92-77C73FEB30F5}
		{2D5376FA-25ED-4AD9-B0A1-71514B95BA85} = {A7E7E779-F928-4569-8E92-77C73FEB30F5}
		{FDEDFB8C-1515-4B03-B617-0A9DB5CF6FD0} = {A7E7E779-F928-4569-8E92-77C73FEB30F5}
		{36DB6AEF-0B95-4128-BF93-4FCE1802BD31} = {A7E7E779-F928-4569-8E92-77C73FEB30F5}
		{2019D8EA-AF8B-43B2-880B-65D315CA87C8} = {A7E7E779-F928-4569-8E92-77C73FEB30F5}
		{C67CC01D-ABC9-4A04-8685-9CA46929DD11} = {A7E7E779-F928-4569-8E92-77C73FEB30F5}
		{553A3A5B-E750-4BCC-A16E-6AC127DD585A} = {A7E7E779-F928-4569-8E92-77C73FEB30F5}
		{C5D7F8E9-5592-4A0D-8563-56FB7DF4F261} = {A7E7E779-F928-4569-8E92-77C73FEB30F5}
		{455CE13E-8DEC-4016-B87A-8DDFA652A26C} = {A7E7E779-F928-4569-8E92-77C73FEB30F5}
		{B63A19C9-996F-484A-82C2-374B62B445B3} = {A7E7E779-F928-4569-8E92-77C73FEB30F5}
		{DE242ED6-35C5-4671-A275-83FA5421A114} = {A7E7E779-F928-4569-8E92-77C73FEB30F5}
		{83BE2FBE-FCD6-46BD-8000-798AB63217B2} = {A7E7E779-F928-4569-8E92-77C73FEB30F5}
		{57C430E3-BFAE-4EE1-86A9-08B049CEB015} = {A7E7E779-F928-4569-8E92-77C73FEB30F5}
		{AB0C2235-C09A-46D2-9BEF-6BC0167DA361} = {A7E7E779-F928-4569-8E92-77C73FEB30F5}
		{3EE1C3C8-9123-40BF-9944-913405220756} = {A7E7E779-F928-4569-8E92-77C73FEB30F5}
		{692BF36A-68C1-4273-9688-7A12B28244D3} = {A7E7E779-F928-4569-8E92-77C73FEB30F5}
		{9450B2CB-B3B6-449C-A9C6-2B0FE4178C76} = {A7E7E779-F928-4569-8E92-77C73FEB30F5}
		{2E236008-5F9F-4720-B0B2-7F05861661A1} = {A7E7E779-F928-4569-8E92-77C73FEB30F5}
		{C17D1D7A-8FC0-47DA-B3D0-38B0782C3899} = {A7E7E779-F928-4569-8E92-77C73FEB30F5}
		{236551D7-EF3C-4098-A601-3C2BB210DADB} = {A7E7E779-F928-4569-8E92-77C73FEB30F5}
		{68503BA7-4340-40C3-9470-307E902B0A74} = {A7E7E779-F928-4569-8E92-77C73FEB30F5}
		{12BB033A-B991-4AA6-84E4-A5C7592BF577} = {A7E7E779-F928-4569-8E92-77C73FEB30F5}
		{A9E4F1D9-81DB-4DCD-9407-0894748F094F} = {A7E7E779-F928-4569-8E92-77C73FEB30F5}
		{B4B9D134-9A6E-4F56-B67D-B3674670579A} = {A7E7E779-F928-4569-8E92-77C73FEB30F5}
		{EC5DEC79-8EFF-4D43-94B1-A90169E08744} = {A7E7E779-F928-4569-8E92-77C73FEB30F5}
		{AACB297F-CAEA-428C-B1EB-63E496CEE706} = {A7E7E779-F928-4569-8E92-77C73FEB30F5}
		{4F1F3CF2-A0E4-4BE3-B530-C8F5D84CC4A7} = {A7E7E779-F928-4569-8E92-77C73FEB30F5}
		{21063F20-6644-4CB3-85FF-7D1C2124626B} = {A7E7E779-F928-4569-8E92-77C73FEB30F5}
		{6F174C5F-24FB-4CFB-A6EC-7256630C5725} = {A7E7E779-F928-4569-8E92-77C73FEB30F5}
		{DD9F3C07-24AD-4C3D-9340-4AF490FC198C} = {A7E7E779-F928-4569-8E92-77C73FEB30F5}
		{C0522243-1B64-467C-A930-C7D811DC48C6} = {A7E7E779-F928-4569-8E92-77C73FEB30F5}
		{A6309D57-9AB9-4399-8997-15E48EEA5A22} = {A7E7E779-F928-4569-8E92-77C73FEB30F5}
		{EFBD9342-6C20-4FE3-91A1-9BF17C91704A} = {A7E7E779-F928-4569-8E92-77C73FEB30F5}
		{84160F4E-D8C5-4708-9C6E-2499975E6BB2} = {A7E7E779-F928-4569-8E92-77C73FEB30F5}
		{D6EDC415-40CC-4F05-BDB1-6249AEADAC7F} = {A7E7E779-F928-4569-8E92-77C73FEB30F5}
		{F94A72A5-706F-482D-8EEE-E7CA0EF925E6} = {A7E7E779-F928-4569-8E92-77C73FEB30F5}
		{53D292BF-71A3-435B-8F00-50ECAB603FC8} = {A7E7E779-F928-4569-8E92-77C73FEB30F5}
		{AFCC1514-0629-4DA2-969D-D41CF67A39E9} = {A7E7E779-F928-4569-8E92-77C73FEB30F5}
		{533AE6A8-105E-4AAA-8B44-AA3ED31688B5} = {A7E7E779-F928-4569-8E92-77C73FEB30F5}
		{A7A5B938-C839-4A05-A256-C4E7772B53E3} = {A7E7E779-F928-4569-8E92-77C73FEB30F5}
		{4CE122F9-2681-47D8-9A2B-F87655134021} = {A7E7E779-F928-4569-8E92-77C73FEB30F5}
		{4D468544-B7C6-4E26-926C-3D61D76593B8} = {A7E7E779-F928-4569-8E92-77C73FEB30F5}
		{90B0A851-F11B-449C-A817-59BD6FFF9D5E} = {A7E7E779-F928-4569-8E92-77C73FEB30F5}
		{1F8635E4-05D3-4851-A94B-B3FF7937D6B1} = {A7E7E779-F928-4569-8E92-77C73FEB30F5}
		{0C593B08-35FD-4BAB-911B-BECF6F075733} = {A7E7E779-F928-4569-8E92-77C73FEB30F5}
		{11DD32CD-2577-43D6-BE16-D0B8AC25FF71} = {A7E7E779-F928-4569-8E92-77C73FEB30F5}
		{422E5AE9-2907-46A9-8602-9C6511B08D58} = {A7E7E779-F928-4569-8E92-77C73FEB30F5}
		{7EC436A6-AD77-4606-AC5A-B3FCDECCE1CF} = {A7E7E779-F928-4569-8E92-77C73FEB30F5}
		{965E5076-6AC6-45CD-9A1C-58843B0B3131} = {A7E7E779-F928-4569-8E92-77C73FEB30F5}
		{041D8E73-2BA6-43DB-874B-C0DC5B272292} = {A7E7E779-F928-4569-8E92-77C73FEB30F5}
		{DBBA0FF9-9E62-499C-83F0-1671CC8E29C3} = {A7E7E779-F928-4569-8E92-77C73FEB30F5}
		{76F480D3-C9E2-4F38-BA36-015E76738162} = {A7E7E779-F928-4569-8E92-77C73FEB30F5}
		{9459359D-3760-4425-A060-362580F73831} = {A7E7E779-F928-4569-8E92-77C73FEB30F5}
		{AC9FE863-160F-4A9C-B8DF-7D0AC29F420B} = {A7E7E779-F928-4569-8E92-77C73FEB30F5}
		{3A00CD4C-B6EF-40EC-B0EB-0F28AB14509F} = {A7E7E779-F928-4569-8E92-77C73FEB30F5}
		{40D415B3-ECCF-4F60-A17B-200163816ECA} = {A7E7E779-F928-4569-8E92-77C73FEB30F5}
		{DD3D62F4-0AA1-4992-853E-195E0689D6BF} = {A7E7E779-F928-4569-8E92-77C73FEB30F5}
		{E24CB23E-6199-4FE3-AFB7-1C9B092A9838} = {A7E7E779-F928-4569-8E92-77C73FEB30F5}
		{7203CC73-4F54-4D5B-B3F3-20BDC01174AD} = {A7E7E779-F928-4569-8E92-77C73FEB30F5}
		{C105C443-207F-4AF2-A896-62487298BAD7} = {A7E7E779-F928-4569-8E92-77C73FEB30F5}
		{9DB99D95-65DF-43BD-961A-1BB68053C46A} = {A7E7E779-F928-4569-8E92-77C73FEB30F5}
		{72CACF1E-3C13-42E5-8291-6D72875345A1} = {A7E7E779-F928-4569-8E92-77C73FEB30F5}
		{0B4EA2B9-52A2-4425-8FE7-7D1CD903E67F} = {A7E7E779-F928-4569-8E92-77C73FEB30F5}
		{7901C5FC-2A5D-4149-A9D1-14628C26B590} = {A7E7E779-F928-4569-8E92-77C73FEB30F5}
		{2F7371DB-CE00-41F2-BC21-5777BF29E94A} = {A7E7E779-F928-4569-8E92-77C73FEB30F5}
		{4F0431B9-228C-48F9-A27C-ABD56A8F453D} = {A7E7E779-F928-4569-8E92-77C73FEB30F5}
		{EC812843-837D-4DAB-97DF-2B4ED06E3659} = {A7E7E779-F928-4569-8E92-77C73FEB30F5}
		{DC70AE3F-3D0A-40CD-A45D-FE7960EE35C3} = {A7E7E779-F928-4569-8E92-77C73FEB30F5}
		{08B54DAC-FBCF-4C17-AF84-BA78E1F66A56} = {A7E7E779-F928-4569-8E92-77C73FEB30F5}
		{E8EAEBCC-6909-402D-9D07-02E50ECDF40A} = {A7E7E779-F928-4569-8E92-77C73FEB30F5}
		{5255346D-20E6-4BD8-BE6C-2F95E41FB187} = {A7E7E779-F928-4569-8E92-77C73FEB30F5}
		{04AB74B7-A193-4E3A-83B4-25F49924279B} = {A7E7E779-F928-4569-8E92-77C73FEB30F5}
		{9FCABF28-B487-4E51-AD76-56BEEA96E192} = {A7E7E779-F928-4569-8E92-77C73FEB30F5}
		{F75F4CA3-479F-4BF5-849B-51EA3DA4B877} = {A7E7E779-F928-4569-8E92-77C73FEB30F5}
		{51EDB1BA-DD8D-4C0D-BEB8-79C642174B1C} = {A7E7E779-F928-4569-8E92-77C73FEB30F5}
		{496EFD36-3E7A-4973-8E25-6CD47197B7BA} = {A7E7E779-F928-4569-8E92-77C73FEB30F5}
		{3A04E297-E813-4C42-974E-8CBE2591E9AF} = {A7E7E779-F928-4569-8E92-77C73FEB30F5}
		{5B5C0A8C-B893-44CE-ADC2-7DEAC09BAA2F} = {A7E7E779-F928-4569-8E92-77C73FEB30F5}
		{D2A21A43-98DD-4D86-9574-721F71F35776} = {A7E7E779-F928-4569-8E92-77C73FEB30F5}
		{A0E425B6-9015-4C30-A0A6-C748796A5B75} = {A7E7E779-F928-4569-8E92-77C73FEB30F5}
		{EB9CF976-BB86-43C8-ACC2-23B8AF965721} = {A7E7E779-F928-4569-8E92-77C73FEB30F5}
		{D2D27FA0-A68B-41B3-B250-EF2F967970E8} = {A7E7E779-F928-4569-8E92-77C73FEB30F5}
		{3ECE750B-3298-4A82-97A3-1A54C81FA00E} = {A7E7E779-F928-4569-8E92-77C73FEB30F5}
		{AC8D5303-9C9D-4665-B646-D04831FE1F5E} = {A7E7E779-F928-4569-8E92-77C73FEB30F5}
		{0E56142F-9DDE-4BB6-8387-5E24059FE833} = {A7E7E779-F928-4569-8E92-77C73FEB30F5}
		{D4FFBE09-0517-4C35-A1A4-F75DCC43CF9F} = {A7E7E779-F928-4569-8E92-77C73FEB30F5}
		{FA9FD4C4-B2F3-4016-B50E-4B2FC422DFE1} = {A7E7E779-F928-4569-8E92-77C73FEB30F5}
		{9291549F-3D1F-456C-8F0B-A13DC3860832} = {A7E7E779-F928-4569-8E92-77C73FEB30F5}
		{B6C3EC1D-6F9F-49FD-94D2-2269E26FAD24} = {A7E7E779-F928-4569-8E92-77C73FEB30F5}
		{5DAF8B0E-1102-4750-A8EF-5F0D0B7D70BF} = {A7E7E779-F928-4569-8E92-77C73FEB30F5}
		{1222DDCD-72DC-4240-8D2B-43ED4CFFBC73} = {A7E7E779-F928-4569-8E92-77C73FEB30F5}
		{8D8B87FB-D15D-432A-A1C0-BCB6801F1DD8} = {A7E7E779-F928-4569-8E92-77C73FEB30F5}
		{9BFA4560-FBE3-48AE-AC61-79FEA144D256} = {A7E7E779-F928-4569-8E92-77C73FEB30F5}
		{89F18BE2-7388-4C12-BC4F-EDFC7AADEC4D} = {A7E7E779-F928-4569-8E92-77C73FEB30F5}
		{603D4863-CF8D-4F79-98AC-949CB4DB7126} = {A7E7E779-F928-4569-8E92-77C73FEB30F5}
		{E9276156-4855-4D94-86AA-A9349E147A0D} = {A7E7E779-F928-4569-8E92-77C73FEB30F5}
		{64D4C2DA-BF65-472E-A99A-E4F0E4B2D184} = {A7E7E779-F928-4569-8E92-77C73FEB30F5}
		{AC269AB5-BAAD-4A8C-BB5B-5CBE587F0A24} = {A7E7E779-F928-4569-8E92-77C73FEB30F5}
		{91B73769-DC59-4648-9DAD-017865D66E14} = {A7E7E779-F928-4569-8E92-77C73FEB30F5}
		{9E7EF533-558E-4D87-915B-E8B2CD2D61F1} = {A7E7E779-F928-4569-8E92-77C73FEB30F5}
		{DBAEF165-5A20-44F4-B2FB-9348B6997380} = {A7E7E779-F928-4569-8E92-77C73FEB30F5}
		{EAC3CCD1-3921-4798-9028-ED6168308578} = {A7E7E779-F928-4569-8E92-77C73FEB30F5}
		{226A94D1-8B5E-4B6F-B90F-1DDA3B061272} = {A7E7E779-F928-4569-8E92-77C73FEB30F5}
		{3CBC99C2-87E4-40F4-A2E9-42DF40CEF7D2} = {A7E7E779-F928-4569-8E92-77C73FEB30F5}
		{E5B31D67-A1FA-447D-882F-B57F412D7D15} = {A7E7E779-F928-4569-8E92-77C73FEB30F5}
		{F3396C37-60F7-4B7F-97BB-AFBC5EFA17CB} = {A7E7E779-F928-4569-8E92-77C73FEB30F5}
		{3E3E0C14-24B2-4DD5-9DF3-9DBA058CE354} = {A7E7E779-F928-4569-8E92-77C73FEB30F5}
		{D5BE092D-0355-45B4-A561-FD33927D03AB} = {A7E7E779-F928-4569-8E92-77C73FEB30F5}
		{5AD1906E-BDE4-4ED1-A47E-5DBD9BFAEFA9} = {A7E7E779-F928-4569-8E92-77C73FEB30F5}
		{8FB9CB34-F418-4AC5-82E2-3B0B5E8A0A8E} = {A7E7E779-F928-4569-8E92-77C73FEB30F5}
		{74D7DF61-06EA-4DCF-81AC-539D8211CF9F} = {A7E7E779-F928-4569-8E92-77C73FEB30F5}
		{641438FF-4FEB-4E72-9ECE-0D6BCF853A54} = {A7E7E779-F928-4569-8E92-77C73FEB30F5}
	EndGlobalSection
	GlobalSection(SolutionConfigurationPlatforms) = preSolution
		Debug|Any CPU = Debug|Any CPU
		Release|Any CPU = Release|Any CPU
	EndGlobalSection
	GlobalSection(ProjectConfigurationPlatforms) = postSolution
		{56CC0B48-28EB-4FA5-81B9-31D09D282F16}.Debug|Any CPU.ActiveCfg = Debug|Any CPU
		{56CC0B48-28EB-4FA5-81B9-31D09D282F16}.Debug|Any CPU.Build.0 = Debug|Any CPU
		{56CC0B48-28EB-4FA5-81B9-31D09D282F16}.Release|Any CPU.ActiveCfg = Release|Any CPU
		{56CC0B48-28EB-4FA5-81B9-31D09D282F16}.Release|Any CPU.Build.0 = Release|Any CPU
		{91643DE7-3466-45F3-A918-317A989A044D}.Debug|Any CPU.ActiveCfg = Debug|Any CPU
		{91643DE7-3466-45F3-A918-317A989A044D}.Debug|Any CPU.Build.0 = Debug|Any CPU
		{91643DE7-3466-45F3-A918-317A989A044D}.Release|Any CPU.ActiveCfg = Release|Any CPU
		{91643DE7-3466-45F3-A918-317A989A044D}.Release|Any CPU.Build.0 = Release|Any CPU
		{10CEE921-3FB1-4098-B78D-0E6765BD63C0}.Debug|Any CPU.ActiveCfg = Debug|Any CPU
		{10CEE921-3FB1-4098-B78D-0E6765BD63C0}.Debug|Any CPU.Build.0 = Debug|Any CPU
		{10CEE921-3FB1-4098-B78D-0E6765BD63C0}.Release|Any CPU.ActiveCfg = Release|Any CPU
		{10CEE921-3FB1-4098-B78D-0E6765BD63C0}.Release|Any CPU.Build.0 = Release|Any CPU
		{4C0AC09D-F455-4318-8AC3-1EEA751F5C94}.Debug|Any CPU.ActiveCfg = Debug|Any CPU
		{4C0AC09D-F455-4318-8AC3-1EEA751F5C94}.Debug|Any CPU.Build.0 = Debug|Any CPU
		{4C0AC09D-F455-4318-8AC3-1EEA751F5C94}.Release|Any CPU.ActiveCfg = Release|Any CPU
		{4C0AC09D-F455-4318-8AC3-1EEA751F5C94}.Release|Any CPU.Build.0 = Release|Any CPU
		{7079508A-D8EE-4A5E-B9B9-3C3AF54DDCC3}.Debug|Any CPU.ActiveCfg = Debug|Any CPU
		{7079508A-D8EE-4A5E-B9B9-3C3AF54DDCC3}.Debug|Any CPU.Build.0 = Debug|Any CPU
		{7079508A-D8EE-4A5E-B9B9-3C3AF54DDCC3}.Release|Any CPU.ActiveCfg = Release|Any CPU
		{7079508A-D8EE-4A5E-B9B9-3C3AF54DDCC3}.Release|Any CPU.Build.0 = Release|Any CPU
		{009A5997-AC21-4527-B195-6E4BF0B27551}.Debug|Any CPU.ActiveCfg = Debug|Any CPU
		{009A5997-AC21-4527-B195-6E4BF0B27551}.Debug|Any CPU.Build.0 = Debug|Any CPU
		{009A5997-AC21-4527-B195-6E4BF0B27551}.Release|Any CPU.ActiveCfg = Release|Any CPU
		{009A5997-AC21-4527-B195-6E4BF0B27551}.Release|Any CPU.Build.0 = Release|Any CPU
		{BEE73288-002C-4752-80CE-F583BF4FD859}.Debug|Any CPU.ActiveCfg = Debug|Any CPU
		{BEE73288-002C-4752-80CE-F583BF4FD859}.Debug|Any CPU.Build.0 = Debug|Any CPU
		{BEE73288-002C-4752-80CE-F583BF4FD859}.Release|Any CPU.ActiveCfg = Release|Any CPU
		{BEE73288-002C-4752-80CE-F583BF4FD859}.Release|Any CPU.Build.0 = Release|Any CPU
		{4B138F23-438C-4714-ACC0-186019ECAF1E}.Debug|Any CPU.ActiveCfg = Debug|Any CPU
		{4B138F23-438C-4714-ACC0-186019ECAF1E}.Debug|Any CPU.Build.0 = Debug|Any CPU
		{4B138F23-438C-4714-ACC0-186019ECAF1E}.Release|Any CPU.ActiveCfg = Release|Any CPU
		{4B138F23-438C-4714-ACC0-186019ECAF1E}.Release|Any CPU.Build.0 = Release|Any CPU
		{3E610384-AACA-4A64-B7A3-ADA4E2CD901E}.Debug|Any CPU.ActiveCfg = Debug|Any CPU
		{3E610384-AACA-4A64-B7A3-ADA4E2CD901E}.Debug|Any CPU.Build.0 = Debug|Any CPU
		{3E610384-AACA-4A64-B7A3-ADA4E2CD901E}.Release|Any CPU.ActiveCfg = Release|Any CPU
		{3E610384-AACA-4A64-B7A3-ADA4E2CD901E}.Release|Any CPU.Build.0 = Release|Any CPU
		{C1ECD5D3-BD02-4B90-BD70-EF80B654F922}.Debug|Any CPU.ActiveCfg = Debug|Any CPU
		{C1ECD5D3-BD02-4B90-BD70-EF80B654F922}.Debug|Any CPU.Build.0 = Debug|Any CPU
		{C1ECD5D3-BD02-4B90-BD70-EF80B654F922}.Release|Any CPU.ActiveCfg = Release|Any CPU
		{C1ECD5D3-BD02-4B90-BD70-EF80B654F922}.Release|Any CPU.Build.0 = Release|Any CPU
		{4C7F46F3-C01C-4AFB-B538-B3E85A2E2B42}.Debug|Any CPU.ActiveCfg = Debug|Any CPU
		{4C7F46F3-C01C-4AFB-B538-B3E85A2E2B42}.Debug|Any CPU.Build.0 = Debug|Any CPU
		{4C7F46F3-C01C-4AFB-B538-B3E85A2E2B42}.Release|Any CPU.ActiveCfg = Release|Any CPU
		{4C7F46F3-C01C-4AFB-B538-B3E85A2E2B42}.Release|Any CPU.Build.0 = Release|Any CPU
		{7CF43206-6464-49F9-9D44-16810B8A1885}.Debug|Any CPU.ActiveCfg = Debug|Any CPU
		{7CF43206-6464-49F9-9D44-16810B8A1885}.Debug|Any CPU.Build.0 = Debug|Any CPU
		{7CF43206-6464-49F9-9D44-16810B8A1885}.Release|Any CPU.ActiveCfg = Release|Any CPU
		{7CF43206-6464-49F9-9D44-16810B8A1885}.Release|Any CPU.Build.0 = Release|Any CPU
		{EA318030-5DF1-4B5D-9D9C-BAAA136C008C}.Debug|Any CPU.ActiveCfg = Debug|Any CPU
		{EA318030-5DF1-4B5D-9D9C-BAAA136C008C}.Debug|Any CPU.Build.0 = Debug|Any CPU
		{EA318030-5DF1-4B5D-9D9C-BAAA136C008C}.Release|Any CPU.ActiveCfg = Release|Any CPU
		{EA318030-5DF1-4B5D-9D9C-BAAA136C008C}.Release|Any CPU.Build.0 = Release|Any CPU
		{CF8D6D93-1AB7-4986-AFE3-E3B70BA1CD5E}.Debug|Any CPU.ActiveCfg = Debug|Any CPU
		{CF8D6D93-1AB7-4986-AFE3-E3B70BA1CD5E}.Debug|Any CPU.Build.0 = Debug|Any CPU
		{CF8D6D93-1AB7-4986-AFE3-E3B70BA1CD5E}.Release|Any CPU.ActiveCfg = Release|Any CPU
		{CF8D6D93-1AB7-4986-AFE3-E3B70BA1CD5E}.Release|Any CPU.Build.0 = Release|Any CPU
		{8A88EADD-FC33-4904-AA72-7C919746DA56}.Debug|Any CPU.ActiveCfg = Debug|Any CPU
		{8A88EADD-FC33-4904-AA72-7C919746DA56}.Debug|Any CPU.Build.0 = Debug|Any CPU
		{8A88EADD-FC33-4904-AA72-7C919746DA56}.Release|Any CPU.ActiveCfg = Release|Any CPU
		{8A88EADD-FC33-4904-AA72-7C919746DA56}.Release|Any CPU.Build.0 = Release|Any CPU
		{C8AE8157-FAE4-4C5E-8B79-E69331A8E497}.Debug|Any CPU.ActiveCfg = Debug|Any CPU
		{C8AE8157-FAE4-4C5E-8B79-E69331A8E497}.Debug|Any CPU.Build.0 = Debug|Any CPU
		{C8AE8157-FAE4-4C5E-8B79-E69331A8E497}.Release|Any CPU.ActiveCfg = Release|Any CPU
		{C8AE8157-FAE4-4C5E-8B79-E69331A8E497}.Release|Any CPU.Build.0 = Release|Any CPU
		{CAEDBBDD-3B2C-41D1-B7D2-50E2A1B19992}.Debug|Any CPU.ActiveCfg = Debug|Any CPU
		{CAEDBBDD-3B2C-41D1-B7D2-50E2A1B19992}.Debug|Any CPU.Build.0 = Debug|Any CPU
		{CAEDBBDD-3B2C-41D1-B7D2-50E2A1B19992}.Release|Any CPU.ActiveCfg = Release|Any CPU
		{CAEDBBDD-3B2C-41D1-B7D2-50E2A1B19992}.Release|Any CPU.Build.0 = Release|Any CPU
		{A1E0817F-56FE-4388-97F6-7EA9265FE613}.Debug|Any CPU.ActiveCfg = Debug|Any CPU
		{A1E0817F-56FE-4388-97F6-7EA9265FE613}.Debug|Any CPU.Build.0 = Debug|Any CPU
		{A1E0817F-56FE-4388-97F6-7EA9265FE613}.Release|Any CPU.ActiveCfg = Release|Any CPU
		{A1E0817F-56FE-4388-97F6-7EA9265FE613}.Release|Any CPU.Build.0 = Release|Any CPU
		{73705038-2C4D-45EA-B237-F9E3D6B99236}.Debug|Any CPU.ActiveCfg = Debug|Any CPU
		{73705038-2C4D-45EA-B237-F9E3D6B99236}.Debug|Any CPU.Build.0 = Debug|Any CPU
		{73705038-2C4D-45EA-B237-F9E3D6B99236}.Release|Any CPU.ActiveCfg = Release|Any CPU
		{73705038-2C4D-45EA-B237-F9E3D6B99236}.Release|Any CPU.Build.0 = Release|Any CPU
		{98AD74B4-FED4-470E-96C0-F83F4CA0BE2B}.Debug|Any CPU.ActiveCfg = Debug|Any CPU
		{98AD74B4-FED4-470E-96C0-F83F4CA0BE2B}.Debug|Any CPU.Build.0 = Debug|Any CPU
		{98AD74B4-FED4-470E-96C0-F83F4CA0BE2B}.Release|Any CPU.ActiveCfg = Release|Any CPU
		{98AD74B4-FED4-470E-96C0-F83F4CA0BE2B}.Release|Any CPU.Build.0 = Release|Any CPU
		{394A80C0-628E-43F6-9AB4-EDB65EBBAA1F}.Debug|Any CPU.ActiveCfg = Debug|Any CPU
		{394A80C0-628E-43F6-9AB4-EDB65EBBAA1F}.Debug|Any CPU.Build.0 = Debug|Any CPU
		{394A80C0-628E-43F6-9AB4-EDB65EBBAA1F}.Release|Any CPU.ActiveCfg = Release|Any CPU
		{394A80C0-628E-43F6-9AB4-EDB65EBBAA1F}.Release|Any CPU.Build.0 = Release|Any CPU
		{15590687-8A71-4B2E-8785-053B73BA3417}.Debug|Any CPU.ActiveCfg = Debug|Any CPU
		{15590687-8A71-4B2E-8785-053B73BA3417}.Debug|Any CPU.Build.0 = Debug|Any CPU
		{15590687-8A71-4B2E-8785-053B73BA3417}.Release|Any CPU.ActiveCfg = Release|Any CPU
		{15590687-8A71-4B2E-8785-053B73BA3417}.Release|Any CPU.Build.0 = Release|Any CPU
		{26FB76AE-9164-45C3-B007-6C083020553D}.Debug|Any CPU.ActiveCfg = Debug|Any CPU
		{26FB76AE-9164-45C3-B007-6C083020553D}.Debug|Any CPU.Build.0 = Debug|Any CPU
		{26FB76AE-9164-45C3-B007-6C083020553D}.Release|Any CPU.ActiveCfg = Release|Any CPU
		{26FB76AE-9164-45C3-B007-6C083020553D}.Release|Any CPU.Build.0 = Release|Any CPU
		{ABBB7CE8-277D-4E35-8A6A-4879A2A12E45}.Debug|Any CPU.ActiveCfg = Debug|Any CPU
		{ABBB7CE8-277D-4E35-8A6A-4879A2A12E45}.Debug|Any CPU.Build.0 = Debug|Any CPU
		{ABBB7CE8-277D-4E35-8A6A-4879A2A12E45}.Release|Any CPU.ActiveCfg = Release|Any CPU
		{ABBB7CE8-277D-4E35-8A6A-4879A2A12E45}.Release|Any CPU.Build.0 = Release|Any CPU
		{655991AA-9FEF-441A-832B-ABE4804BACD3}.Debug|Any CPU.ActiveCfg = Debug|Any CPU
		{655991AA-9FEF-441A-832B-ABE4804BACD3}.Debug|Any CPU.Build.0 = Debug|Any CPU
		{655991AA-9FEF-441A-832B-ABE4804BACD3}.Release|Any CPU.ActiveCfg = Release|Any CPU
		{655991AA-9FEF-441A-832B-ABE4804BACD3}.Release|Any CPU.Build.0 = Release|Any CPU
		{E1A41E22-11C7-4DE0-9755-32FB542ED104}.Debug|Any CPU.ActiveCfg = Debug|Any CPU
		{E1A41E22-11C7-4DE0-9755-32FB542ED104}.Debug|Any CPU.Build.0 = Debug|Any CPU
		{E1A41E22-11C7-4DE0-9755-32FB542ED104}.Release|Any CPU.ActiveCfg = Release|Any CPU
		{E1A41E22-11C7-4DE0-9755-32FB542ED104}.Release|Any CPU.Build.0 = Release|Any CPU
		{A98CFB77-D9EA-4C4C-9DE8-C741C6151EDD}.Debug|Any CPU.ActiveCfg = Debug|Any CPU
		{A98CFB77-D9EA-4C4C-9DE8-C741C6151EDD}.Debug|Any CPU.Build.0 = Debug|Any CPU
		{A98CFB77-D9EA-4C4C-9DE8-C741C6151EDD}.Release|Any CPU.ActiveCfg = Release|Any CPU
		{A98CFB77-D9EA-4C4C-9DE8-C741C6151EDD}.Release|Any CPU.Build.0 = Release|Any CPU
		{30511753-8F18-48A0-9B29-6A0CAC3A1AD2}.Debug|Any CPU.ActiveCfg = Debug|Any CPU
		{30511753-8F18-48A0-9B29-6A0CAC3A1AD2}.Debug|Any CPU.Build.0 = Debug|Any CPU
		{30511753-8F18-48A0-9B29-6A0CAC3A1AD2}.Release|Any CPU.ActiveCfg = Release|Any CPU
		{30511753-8F18-48A0-9B29-6A0CAC3A1AD2}.Release|Any CPU.Build.0 = Release|Any CPU
		{71ED3E54-3282-44CD-AFC3-1AF98D748142}.Debug|Any CPU.ActiveCfg = Debug|Any CPU
		{71ED3E54-3282-44CD-AFC3-1AF98D748142}.Debug|Any CPU.Build.0 = Debug|Any CPU
		{71ED3E54-3282-44CD-AFC3-1AF98D748142}.Release|Any CPU.ActiveCfg = Release|Any CPU
		{71ED3E54-3282-44CD-AFC3-1AF98D748142}.Release|Any CPU.Build.0 = Release|Any CPU
		{95739BD9-1009-4C75-930B-9DA2EE3AB9EF}.Debug|Any CPU.ActiveCfg = Debug|Any CPU
		{95739BD9-1009-4C75-930B-9DA2EE3AB9EF}.Debug|Any CPU.Build.0 = Debug|Any CPU
		{95739BD9-1009-4C75-930B-9DA2EE3AB9EF}.Release|Any CPU.ActiveCfg = Release|Any CPU
		{95739BD9-1009-4C75-930B-9DA2EE3AB9EF}.Release|Any CPU.Build.0 = Release|Any CPU
		{302CF7AE-03E9-45FE-9B66-89312595EBB8}.Debug|Any CPU.ActiveCfg = Debug|Any CPU
		{302CF7AE-03E9-45FE-9B66-89312595EBB8}.Debug|Any CPU.Build.0 = Debug|Any CPU
		{302CF7AE-03E9-45FE-9B66-89312595EBB8}.Release|Any CPU.ActiveCfg = Release|Any CPU
		{302CF7AE-03E9-45FE-9B66-89312595EBB8}.Release|Any CPU.Build.0 = Release|Any CPU
		{C95E9661-2E9D-48F5-A21C-6197D26252E0}.Debug|Any CPU.ActiveCfg = Debug|Any CPU
		{C95E9661-2E9D-48F5-A21C-6197D26252E0}.Debug|Any CPU.Build.0 = Debug|Any CPU
		{C95E9661-2E9D-48F5-A21C-6197D26252E0}.Release|Any CPU.ActiveCfg = Release|Any CPU
		{C95E9661-2E9D-48F5-A21C-6197D26252E0}.Release|Any CPU.Build.0 = Release|Any CPU
		{6E0A19B3-0B45-4617-AFA6-20FF66E9A542}.Debug|Any CPU.ActiveCfg = Debug|Any CPU
		{6E0A19B3-0B45-4617-AFA6-20FF66E9A542}.Debug|Any CPU.Build.0 = Debug|Any CPU
		{6E0A19B3-0B45-4617-AFA6-20FF66E9A542}.Release|Any CPU.ActiveCfg = Release|Any CPU
		{6E0A19B3-0B45-4617-AFA6-20FF66E9A542}.Release|Any CPU.Build.0 = Release|Any CPU
		{AF7F7E0F-CE6D-480E-9560-5CDAF5ED50A2}.Debug|Any CPU.ActiveCfg = Debug|Any CPU
		{AF7F7E0F-CE6D-480E-9560-5CDAF5ED50A2}.Debug|Any CPU.Build.0 = Debug|Any CPU
		{AF7F7E0F-CE6D-480E-9560-5CDAF5ED50A2}.Release|Any CPU.ActiveCfg = Release|Any CPU
		{AF7F7E0F-CE6D-480E-9560-5CDAF5ED50A2}.Release|Any CPU.Build.0 = Release|Any CPU
		{A0D9D164-00D6-46A4-B2FF-0EE1CE501742}.Debug|Any CPU.ActiveCfg = Debug|Any CPU
		{A0D9D164-00D6-46A4-B2FF-0EE1CE501742}.Debug|Any CPU.Build.0 = Debug|Any CPU
		{A0D9D164-00D6-46A4-B2FF-0EE1CE501742}.Release|Any CPU.ActiveCfg = Release|Any CPU
		{A0D9D164-00D6-46A4-B2FF-0EE1CE501742}.Release|Any CPU.Build.0 = Release|Any CPU
		{C1C8BDE1-6B27-4D7D-A0C2-D2F8D7FF39EB}.Debug|Any CPU.ActiveCfg = Debug|Any CPU
		{C1C8BDE1-6B27-4D7D-A0C2-D2F8D7FF39EB}.Debug|Any CPU.Build.0 = Debug|Any CPU
		{C1C8BDE1-6B27-4D7D-A0C2-D2F8D7FF39EB}.Release|Any CPU.ActiveCfg = Release|Any CPU
		{C1C8BDE1-6B27-4D7D-A0C2-D2F8D7FF39EB}.Release|Any CPU.Build.0 = Release|Any CPU
		{71AE8ADE-6F50-4C55-8803-4183145C2E8D}.Debug|Any CPU.ActiveCfg = Debug|Any CPU
		{71AE8ADE-6F50-4C55-8803-4183145C2E8D}.Debug|Any CPU.Build.0 = Debug|Any CPU
		{71AE8ADE-6F50-4C55-8803-4183145C2E8D}.Release|Any CPU.ActiveCfg = Release|Any CPU
		{71AE8ADE-6F50-4C55-8803-4183145C2E8D}.Release|Any CPU.Build.0 = Release|Any CPU
		{0DF6592C-0681-4A33-8284-C7804E976851}.Debug|Any CPU.ActiveCfg = Debug|Any CPU
		{0DF6592C-0681-4A33-8284-C7804E976851}.Debug|Any CPU.Build.0 = Debug|Any CPU
		{0DF6592C-0681-4A33-8284-C7804E976851}.Release|Any CPU.ActiveCfg = Release|Any CPU
		{0DF6592C-0681-4A33-8284-C7804E976851}.Release|Any CPU.Build.0 = Release|Any CPU
		{44072308-C38C-47CC-B7A4-4E1A49DA084A}.Debug|Any CPU.ActiveCfg = Debug|Any CPU
		{44072308-C38C-47CC-B7A4-4E1A49DA084A}.Debug|Any CPU.Build.0 = Debug|Any CPU
		{44072308-C38C-47CC-B7A4-4E1A49DA084A}.Release|Any CPU.ActiveCfg = Release|Any CPU
		{44072308-C38C-47CC-B7A4-4E1A49DA084A}.Release|Any CPU.Build.0 = Release|Any CPU
		{E4EF39B9-8EB5-4FE8-8A1E-9A67533BB8EF}.Debug|Any CPU.ActiveCfg = Debug|Any CPU
		{E4EF39B9-8EB5-4FE8-8A1E-9A67533BB8EF}.Debug|Any CPU.Build.0 = Debug|Any CPU
		{E4EF39B9-8EB5-4FE8-8A1E-9A67533BB8EF}.Release|Any CPU.ActiveCfg = Release|Any CPU
		{E4EF39B9-8EB5-4FE8-8A1E-9A67533BB8EF}.Release|Any CPU.Build.0 = Release|Any CPU
		{0E39F077-472E-4EC5-9C2A-CFEA58F59A35}.Debug|Any CPU.ActiveCfg = Debug|Any CPU
		{0E39F077-472E-4EC5-9C2A-CFEA58F59A35}.Debug|Any CPU.Build.0 = Debug|Any CPU
		{0E39F077-472E-4EC5-9C2A-CFEA58F59A35}.Release|Any CPU.ActiveCfg = Release|Any CPU
		{0E39F077-472E-4EC5-9C2A-CFEA58F59A35}.Release|Any CPU.Build.0 = Release|Any CPU
		{00DF7F47-B956-4D13-B812-CDCE3BA645BA}.Debug|Any CPU.ActiveCfg = Debug|Any CPU
		{00DF7F47-B956-4D13-B812-CDCE3BA645BA}.Debug|Any CPU.Build.0 = Debug|Any CPU
		{00DF7F47-B956-4D13-B812-CDCE3BA645BA}.Release|Any CPU.ActiveCfg = Release|Any CPU
		{00DF7F47-B956-4D13-B812-CDCE3BA645BA}.Release|Any CPU.Build.0 = Release|Any CPU
		{2D5376FA-25ED-4AD9-B0A1-71514B95BA85}.Debug|Any CPU.ActiveCfg = Debug|Any CPU
		{2D5376FA-25ED-4AD9-B0A1-71514B95BA85}.Debug|Any CPU.Build.0 = Debug|Any CPU
		{2D5376FA-25ED-4AD9-B0A1-71514B95BA85}.Release|Any CPU.ActiveCfg = Release|Any CPU
		{2D5376FA-25ED-4AD9-B0A1-71514B95BA85}.Release|Any CPU.Build.0 = Release|Any CPU
		{FDEDFB8C-1515-4B03-B617-0A9DB5CF6FD0}.Debug|Any CPU.ActiveCfg = Debug|Any CPU
		{FDEDFB8C-1515-4B03-B617-0A9DB5CF6FD0}.Debug|Any CPU.Build.0 = Debug|Any CPU
		{FDEDFB8C-1515-4B03-B617-0A9DB5CF6FD0}.Release|Any CPU.ActiveCfg = Release|Any CPU
		{FDEDFB8C-1515-4B03-B617-0A9DB5CF6FD0}.Release|Any CPU.Build.0 = Release|Any CPU
		{36DB6AEF-0B95-4128-BF93-4FCE1802BD31}.Debug|Any CPU.ActiveCfg = Debug|Any CPU
		{36DB6AEF-0B95-4128-BF93-4FCE1802BD31}.Debug|Any CPU.Build.0 = Debug|Any CPU
		{36DB6AEF-0B95-4128-BF93-4FCE1802BD31}.Release|Any CPU.ActiveCfg = Release|Any CPU
		{36DB6AEF-0B95-4128-BF93-4FCE1802BD31}.Release|Any CPU.Build.0 = Release|Any CPU
		{2019D8EA-AF8B-43B2-880B-65D315CA87C8}.Debug|Any CPU.ActiveCfg = Debug|Any CPU
		{2019D8EA-AF8B-43B2-880B-65D315CA87C8}.Debug|Any CPU.Build.0 = Debug|Any CPU
		{2019D8EA-AF8B-43B2-880B-65D315CA87C8}.Release|Any CPU.ActiveCfg = Release|Any CPU
		{2019D8EA-AF8B-43B2-880B-65D315CA87C8}.Release|Any CPU.Build.0 = Release|Any CPU
		{C67CC01D-ABC9-4A04-8685-9CA46929DD11}.Debug|Any CPU.ActiveCfg = Debug|Any CPU
		{C67CC01D-ABC9-4A04-8685-9CA46929DD11}.Debug|Any CPU.Build.0 = Debug|Any CPU
		{C67CC01D-ABC9-4A04-8685-9CA46929DD11}.Release|Any CPU.ActiveCfg = Release|Any CPU
		{C67CC01D-ABC9-4A04-8685-9CA46929DD11}.Release|Any CPU.Build.0 = Release|Any CPU
		{553A3A5B-E750-4BCC-A16E-6AC127DD585A}.Debug|Any CPU.ActiveCfg = Debug|Any CPU
		{553A3A5B-E750-4BCC-A16E-6AC127DD585A}.Debug|Any CPU.Build.0 = Debug|Any CPU
		{553A3A5B-E750-4BCC-A16E-6AC127DD585A}.Release|Any CPU.ActiveCfg = Release|Any CPU
		{553A3A5B-E750-4BCC-A16E-6AC127DD585A}.Release|Any CPU.Build.0 = Release|Any CPU
		{C5D7F8E9-5592-4A0D-8563-56FB7DF4F261}.Debug|Any CPU.ActiveCfg = Debug|Any CPU
		{C5D7F8E9-5592-4A0D-8563-56FB7DF4F261}.Debug|Any CPU.Build.0 = Debug|Any CPU
		{C5D7F8E9-5592-4A0D-8563-56FB7DF4F261}.Release|Any CPU.ActiveCfg = Release|Any CPU
		{C5D7F8E9-5592-4A0D-8563-56FB7DF4F261}.Release|Any CPU.Build.0 = Release|Any CPU
		{455CE13E-8DEC-4016-B87A-8DDFA652A26C}.Debug|Any CPU.ActiveCfg = Debug|Any CPU
		{455CE13E-8DEC-4016-B87A-8DDFA652A26C}.Debug|Any CPU.Build.0 = Debug|Any CPU
		{455CE13E-8DEC-4016-B87A-8DDFA652A26C}.Release|Any CPU.ActiveCfg = Release|Any CPU
		{455CE13E-8DEC-4016-B87A-8DDFA652A26C}.Release|Any CPU.Build.0 = Release|Any CPU
		{B63A19C9-996F-484A-82C2-374B62B445B3}.Debug|Any CPU.ActiveCfg = Debug|Any CPU
		{B63A19C9-996F-484A-82C2-374B62B445B3}.Debug|Any CPU.Build.0 = Debug|Any CPU
		{B63A19C9-996F-484A-82C2-374B62B445B3}.Release|Any CPU.ActiveCfg = Release|Any CPU
		{B63A19C9-996F-484A-82C2-374B62B445B3}.Release|Any CPU.Build.0 = Release|Any CPU
		{DE242ED6-35C5-4671-A275-83FA5421A114}.Debug|Any CPU.ActiveCfg = Debug|Any CPU
		{DE242ED6-35C5-4671-A275-83FA5421A114}.Debug|Any CPU.Build.0 = Debug|Any CPU
		{DE242ED6-35C5-4671-A275-83FA5421A114}.Release|Any CPU.ActiveCfg = Release|Any CPU
		{DE242ED6-35C5-4671-A275-83FA5421A114}.Release|Any CPU.Build.0 = Release|Any CPU
		{83BE2FBE-FCD6-46BD-8000-798AB63217B2}.Debug|Any CPU.ActiveCfg = Debug|Any CPU
		{83BE2FBE-FCD6-46BD-8000-798AB63217B2}.Debug|Any CPU.Build.0 = Debug|Any CPU
		{83BE2FBE-FCD6-46BD-8000-798AB63217B2}.Release|Any CPU.ActiveCfg = Release|Any CPU
		{83BE2FBE-FCD6-46BD-8000-798AB63217B2}.Release|Any CPU.Build.0 = Release|Any CPU
		{57C430E3-BFAE-4EE1-86A9-08B049CEB015}.Debug|Any CPU.ActiveCfg = Debug|Any CPU
		{57C430E3-BFAE-4EE1-86A9-08B049CEB015}.Debug|Any CPU.Build.0 = Debug|Any CPU
		{57C430E3-BFAE-4EE1-86A9-08B049CEB015}.Release|Any CPU.ActiveCfg = Release|Any CPU
		{57C430E3-BFAE-4EE1-86A9-08B049CEB015}.Release|Any CPU.Build.0 = Release|Any CPU
		{AB0C2235-C09A-46D2-9BEF-6BC0167DA361}.Debug|Any CPU.ActiveCfg = Debug|Any CPU
		{AB0C2235-C09A-46D2-9BEF-6BC0167DA361}.Debug|Any CPU.Build.0 = Debug|Any CPU
		{AB0C2235-C09A-46D2-9BEF-6BC0167DA361}.Release|Any CPU.ActiveCfg = Release|Any CPU
		{AB0C2235-C09A-46D2-9BEF-6BC0167DA361}.Release|Any CPU.Build.0 = Release|Any CPU
		{3EE1C3C8-9123-40BF-9944-913405220756}.Debug|Any CPU.ActiveCfg = Debug|Any CPU
		{3EE1C3C8-9123-40BF-9944-913405220756}.Debug|Any CPU.Build.0 = Debug|Any CPU
		{3EE1C3C8-9123-40BF-9944-913405220756}.Release|Any CPU.ActiveCfg = Release|Any CPU
		{3EE1C3C8-9123-40BF-9944-913405220756}.Release|Any CPU.Build.0 = Release|Any CPU
		{692BF36A-68C1-4273-9688-7A12B28244D3}.Debug|Any CPU.ActiveCfg = Debug|Any CPU
		{692BF36A-68C1-4273-9688-7A12B28244D3}.Debug|Any CPU.Build.0 = Debug|Any CPU
		{692BF36A-68C1-4273-9688-7A12B28244D3}.Release|Any CPU.ActiveCfg = Release|Any CPU
		{692BF36A-68C1-4273-9688-7A12B28244D3}.Release|Any CPU.Build.0 = Release|Any CPU
		{9450B2CB-B3B6-449C-A9C6-2B0FE4178C76}.Debug|Any CPU.ActiveCfg = Debug|Any CPU
		{9450B2CB-B3B6-449C-A9C6-2B0FE4178C76}.Debug|Any CPU.Build.0 = Debug|Any CPU
		{9450B2CB-B3B6-449C-A9C6-2B0FE4178C76}.Release|Any CPU.ActiveCfg = Release|Any CPU
		{9450B2CB-B3B6-449C-A9C6-2B0FE4178C76}.Release|Any CPU.Build.0 = Release|Any CPU
		{2E236008-5F9F-4720-B0B2-7F05861661A1}.Debug|Any CPU.ActiveCfg = Debug|Any CPU
		{2E236008-5F9F-4720-B0B2-7F05861661A1}.Debug|Any CPU.Build.0 = Debug|Any CPU
		{2E236008-5F9F-4720-B0B2-7F05861661A1}.Release|Any CPU.ActiveCfg = Release|Any CPU
		{2E236008-5F9F-4720-B0B2-7F05861661A1}.Release|Any CPU.Build.0 = Release|Any CPU
		{C17D1D7A-8FC0-47DA-B3D0-38B0782C3899}.Debug|Any CPU.ActiveCfg = Debug|Any CPU
		{C17D1D7A-8FC0-47DA-B3D0-38B0782C3899}.Debug|Any CPU.Build.0 = Debug|Any CPU
		{C17D1D7A-8FC0-47DA-B3D0-38B0782C3899}.Release|Any CPU.ActiveCfg = Release|Any CPU
		{C17D1D7A-8FC0-47DA-B3D0-38B0782C3899}.Release|Any CPU.Build.0 = Release|Any CPU
		{236551D7-EF3C-4098-A601-3C2BB210DADB}.Debug|Any CPU.ActiveCfg = Debug|Any CPU
		{236551D7-EF3C-4098-A601-3C2BB210DADB}.Debug|Any CPU.Build.0 = Debug|Any CPU
		{236551D7-EF3C-4098-A601-3C2BB210DADB}.Release|Any CPU.ActiveCfg = Release|Any CPU
		{236551D7-EF3C-4098-A601-3C2BB210DADB}.Release|Any CPU.Build.0 = Release|Any CPU
		{68503BA7-4340-40C3-9470-307E902B0A74}.Debug|Any CPU.ActiveCfg = Debug|Any CPU
		{68503BA7-4340-40C3-9470-307E902B0A74}.Debug|Any CPU.Build.0 = Debug|Any CPU
		{68503BA7-4340-40C3-9470-307E902B0A74}.Release|Any CPU.ActiveCfg = Release|Any CPU
		{68503BA7-4340-40C3-9470-307E902B0A74}.Release|Any CPU.Build.0 = Release|Any CPU
		{12BB033A-B991-4AA6-84E4-A5C7592BF577}.Debug|Any CPU.ActiveCfg = Debug|Any CPU
		{12BB033A-B991-4AA6-84E4-A5C7592BF577}.Debug|Any CPU.Build.0 = Debug|Any CPU
		{12BB033A-B991-4AA6-84E4-A5C7592BF577}.Release|Any CPU.ActiveCfg = Release|Any CPU
		{12BB033A-B991-4AA6-84E4-A5C7592BF577}.Release|Any CPU.Build.0 = Release|Any CPU
		{A9E4F1D9-81DB-4DCD-9407-0894748F094F}.Debug|Any CPU.ActiveCfg = Debug|Any CPU
		{A9E4F1D9-81DB-4DCD-9407-0894748F094F}.Debug|Any CPU.Build.0 = Debug|Any CPU
		{A9E4F1D9-81DB-4DCD-9407-0894748F094F}.Release|Any CPU.ActiveCfg = Release|Any CPU
		{A9E4F1D9-81DB-4DCD-9407-0894748F094F}.Release|Any CPU.Build.0 = Release|Any CPU
		{B4B9D134-9A6E-4F56-B67D-B3674670579A}.Debug|Any CPU.ActiveCfg = Debug|Any CPU
		{B4B9D134-9A6E-4F56-B67D-B3674670579A}.Debug|Any CPU.Build.0 = Debug|Any CPU
		{B4B9D134-9A6E-4F56-B67D-B3674670579A}.Release|Any CPU.ActiveCfg = Release|Any CPU
		{B4B9D134-9A6E-4F56-B67D-B3674670579A}.Release|Any CPU.Build.0 = Release|Any CPU
		{EC5DEC79-8EFF-4D43-94B1-A90169E08744}.Debug|Any CPU.ActiveCfg = Debug|Any CPU
		{EC5DEC79-8EFF-4D43-94B1-A90169E08744}.Debug|Any CPU.Build.0 = Debug|Any CPU
		{EC5DEC79-8EFF-4D43-94B1-A90169E08744}.Release|Any CPU.ActiveCfg = Release|Any CPU
		{EC5DEC79-8EFF-4D43-94B1-A90169E08744}.Release|Any CPU.Build.0 = Release|Any CPU
		{AACB297F-CAEA-428C-B1EB-63E496CEE706}.Debug|Any CPU.ActiveCfg = Debug|Any CPU
		{AACB297F-CAEA-428C-B1EB-63E496CEE706}.Debug|Any CPU.Build.0 = Debug|Any CPU
		{AACB297F-CAEA-428C-B1EB-63E496CEE706}.Release|Any CPU.ActiveCfg = Release|Any CPU
		{AACB297F-CAEA-428C-B1EB-63E496CEE706}.Release|Any CPU.Build.0 = Release|Any CPU
		{4F1F3CF2-A0E4-4BE3-B530-C8F5D84CC4A7}.Debug|Any CPU.ActiveCfg = Debug|Any CPU
		{4F1F3CF2-A0E4-4BE3-B530-C8F5D84CC4A7}.Debug|Any CPU.Build.0 = Debug|Any CPU
		{4F1F3CF2-A0E4-4BE3-B530-C8F5D84CC4A7}.Release|Any CPU.ActiveCfg = Release|Any CPU
		{4F1F3CF2-A0E4-4BE3-B530-C8F5D84CC4A7}.Release|Any CPU.Build.0 = Release|Any CPU
		{21063F20-6644-4CB3-85FF-7D1C2124626B}.Debug|Any CPU.ActiveCfg = Debug|Any CPU
		{21063F20-6644-4CB3-85FF-7D1C2124626B}.Debug|Any CPU.Build.0 = Debug|Any CPU
		{21063F20-6644-4CB3-85FF-7D1C2124626B}.Release|Any CPU.ActiveCfg = Release|Any CPU
		{21063F20-6644-4CB3-85FF-7D1C2124626B}.Release|Any CPU.Build.0 = Release|Any CPU
		{6F174C5F-24FB-4CFB-A6EC-7256630C5725}.Debug|Any CPU.ActiveCfg = Debug|Any CPU
		{6F174C5F-24FB-4CFB-A6EC-7256630C5725}.Debug|Any CPU.Build.0 = Debug|Any CPU
		{6F174C5F-24FB-4CFB-A6EC-7256630C5725}.Release|Any CPU.ActiveCfg = Release|Any CPU
		{6F174C5F-24FB-4CFB-A6EC-7256630C5725}.Release|Any CPU.Build.0 = Release|Any CPU
		{DD9F3C07-24AD-4C3D-9340-4AF490FC198C}.Debug|Any CPU.ActiveCfg = Debug|Any CPU
		{DD9F3C07-24AD-4C3D-9340-4AF490FC198C}.Debug|Any CPU.Build.0 = Debug|Any CPU
		{DD9F3C07-24AD-4C3D-9340-4AF490FC198C}.Release|Any CPU.ActiveCfg = Release|Any CPU
		{DD9F3C07-24AD-4C3D-9340-4AF490FC198C}.Release|Any CPU.Build.0 = Release|Any CPU
		{C0522243-1B64-467C-A930-C7D811DC48C6}.Debug|Any CPU.ActiveCfg = Debug|Any CPU
		{C0522243-1B64-467C-A930-C7D811DC48C6}.Debug|Any CPU.Build.0 = Debug|Any CPU
		{C0522243-1B64-467C-A930-C7D811DC48C6}.Release|Any CPU.ActiveCfg = Release|Any CPU
		{C0522243-1B64-467C-A930-C7D811DC48C6}.Release|Any CPU.Build.0 = Release|Any CPU
		{A6309D57-9AB9-4399-8997-15E48EEA5A22}.Debug|Any CPU.ActiveCfg = Debug|Any CPU
		{A6309D57-9AB9-4399-8997-15E48EEA5A22}.Debug|Any CPU.Build.0 = Debug|Any CPU
		{A6309D57-9AB9-4399-8997-15E48EEA5A22}.Release|Any CPU.ActiveCfg = Release|Any CPU
		{A6309D57-9AB9-4399-8997-15E48EEA5A22}.Release|Any CPU.Build.0 = Release|Any CPU
		{EFBD9342-6C20-4FE3-91A1-9BF17C91704A}.Debug|Any CPU.ActiveCfg = Debug|Any CPU
		{EFBD9342-6C20-4FE3-91A1-9BF17C91704A}.Debug|Any CPU.Build.0 = Debug|Any CPU
		{EFBD9342-6C20-4FE3-91A1-9BF17C91704A}.Release|Any CPU.ActiveCfg = Release|Any CPU
		{EFBD9342-6C20-4FE3-91A1-9BF17C91704A}.Release|Any CPU.Build.0 = Release|Any CPU
		{84160F4E-D8C5-4708-9C6E-2499975E6BB2}.Debug|Any CPU.ActiveCfg = Debug|Any CPU
		{84160F4E-D8C5-4708-9C6E-2499975E6BB2}.Debug|Any CPU.Build.0 = Debug|Any CPU
		{84160F4E-D8C5-4708-9C6E-2499975E6BB2}.Release|Any CPU.ActiveCfg = Release|Any CPU
		{84160F4E-D8C5-4708-9C6E-2499975E6BB2}.Release|Any CPU.Build.0 = Release|Any CPU
		{D6EDC415-40CC-4F05-BDB1-6249AEADAC7F}.Debug|Any CPU.ActiveCfg = Debug|Any CPU
		{D6EDC415-40CC-4F05-BDB1-6249AEADAC7F}.Debug|Any CPU.Build.0 = Debug|Any CPU
		{D6EDC415-40CC-4F05-BDB1-6249AEADAC7F}.Release|Any CPU.ActiveCfg = Release|Any CPU
		{D6EDC415-40CC-4F05-BDB1-6249AEADAC7F}.Release|Any CPU.Build.0 = Release|Any CPU
		{F94A72A5-706F-482D-8EEE-E7CA0EF925E6}.Debug|Any CPU.ActiveCfg = Debug|Any CPU
		{F94A72A5-706F-482D-8EEE-E7CA0EF925E6}.Debug|Any CPU.Build.0 = Debug|Any CPU
		{F94A72A5-706F-482D-8EEE-E7CA0EF925E6}.Release|Any CPU.ActiveCfg = Release|Any CPU
		{F94A72A5-706F-482D-8EEE-E7CA0EF925E6}.Release|Any CPU.Build.0 = Release|Any CPU
		{53D292BF-71A3-435B-8F00-50ECAB603FC8}.Debug|Any CPU.ActiveCfg = Debug|Any CPU
		{53D292BF-71A3-435B-8F00-50ECAB603FC8}.Debug|Any CPU.Build.0 = Debug|Any CPU
		{53D292BF-71A3-435B-8F00-50ECAB603FC8}.Release|Any CPU.ActiveCfg = Release|Any CPU
		{53D292BF-71A3-435B-8F00-50ECAB603FC8}.Release|Any CPU.Build.0 = Release|Any CPU
		{AFCC1514-0629-4DA2-969D-D41CF67A39E9}.Debug|Any CPU.ActiveCfg = Debug|Any CPU
		{AFCC1514-0629-4DA2-969D-D41CF67A39E9}.Debug|Any CPU.Build.0 = Debug|Any CPU
		{AFCC1514-0629-4DA2-969D-D41CF67A39E9}.Release|Any CPU.ActiveCfg = Release|Any CPU
		{AFCC1514-0629-4DA2-969D-D41CF67A39E9}.Release|Any CPU.Build.0 = Release|Any CPU
		{533AE6A8-105E-4AAA-8B44-AA3ED31688B5}.Debug|Any CPU.ActiveCfg = Debug|Any CPU
		{533AE6A8-105E-4AAA-8B44-AA3ED31688B5}.Debug|Any CPU.Build.0 = Debug|Any CPU
		{533AE6A8-105E-4AAA-8B44-AA3ED31688B5}.Release|Any CPU.ActiveCfg = Release|Any CPU
		{533AE6A8-105E-4AAA-8B44-AA3ED31688B5}.Release|Any CPU.Build.0 = Release|Any CPU
		{A7A5B938-C839-4A05-A256-C4E7772B53E3}.Debug|Any CPU.ActiveCfg = Debug|Any CPU
		{A7A5B938-C839-4A05-A256-C4E7772B53E3}.Debug|Any CPU.Build.0 = Debug|Any CPU
		{A7A5B938-C839-4A05-A256-C4E7772B53E3}.Release|Any CPU.ActiveCfg = Release|Any CPU
		{A7A5B938-C839-4A05-A256-C4E7772B53E3}.Release|Any CPU.Build.0 = Release|Any CPU
		{4CE122F9-2681-47D8-9A2B-F87655134021}.Debug|Any CPU.ActiveCfg = Debug|Any CPU
		{4CE122F9-2681-47D8-9A2B-F87655134021}.Debug|Any CPU.Build.0 = Debug|Any CPU
		{4CE122F9-2681-47D8-9A2B-F87655134021}.Release|Any CPU.ActiveCfg = Release|Any CPU
		{4CE122F9-2681-47D8-9A2B-F87655134021}.Release|Any CPU.Build.0 = Release|Any CPU
		{4D468544-B7C6-4E26-926C-3D61D76593B8}.Debug|Any CPU.ActiveCfg = Debug|Any CPU
		{4D468544-B7C6-4E26-926C-3D61D76593B8}.Debug|Any CPU.Build.0 = Debug|Any CPU
		{4D468544-B7C6-4E26-926C-3D61D76593B8}.Release|Any CPU.ActiveCfg = Release|Any CPU
		{4D468544-B7C6-4E26-926C-3D61D76593B8}.Release|Any CPU.Build.0 = Release|Any CPU
		{90B0A851-F11B-449C-A817-59BD6FFF9D5E}.Debug|Any CPU.ActiveCfg = Debug|Any CPU
		{90B0A851-F11B-449C-A817-59BD6FFF9D5E}.Debug|Any CPU.Build.0 = Debug|Any CPU
		{90B0A851-F11B-449C-A817-59BD6FFF9D5E}.Release|Any CPU.ActiveCfg = Release|Any CPU
		{90B0A851-F11B-449C-A817-59BD6FFF9D5E}.Release|Any CPU.Build.0 = Release|Any CPU
		{1F8635E4-05D3-4851-A94B-B3FF7937D6B1}.Debug|Any CPU.ActiveCfg = Debug|Any CPU
		{1F8635E4-05D3-4851-A94B-B3FF7937D6B1}.Debug|Any CPU.Build.0 = Debug|Any CPU
		{1F8635E4-05D3-4851-A94B-B3FF7937D6B1}.Release|Any CPU.ActiveCfg = Release|Any CPU
		{1F8635E4-05D3-4851-A94B-B3FF7937D6B1}.Release|Any CPU.Build.0 = Release|Any CPU
		{0C593B08-35FD-4BAB-911B-BECF6F075733}.Debug|Any CPU.ActiveCfg = Debug|Any CPU
		{0C593B08-35FD-4BAB-911B-BECF6F075733}.Debug|Any CPU.Build.0 = Debug|Any CPU
		{0C593B08-35FD-4BAB-911B-BECF6F075733}.Release|Any CPU.ActiveCfg = Release|Any CPU
		{0C593B08-35FD-4BAB-911B-BECF6F075733}.Release|Any CPU.Build.0 = Release|Any CPU
		{11DD32CD-2577-43D6-BE16-D0B8AC25FF71}.Debug|Any CPU.ActiveCfg = Debug|Any CPU
		{11DD32CD-2577-43D6-BE16-D0B8AC25FF71}.Debug|Any CPU.Build.0 = Debug|Any CPU
		{11DD32CD-2577-43D6-BE16-D0B8AC25FF71}.Release|Any CPU.ActiveCfg = Release|Any CPU
		{11DD32CD-2577-43D6-BE16-D0B8AC25FF71}.Release|Any CPU.Build.0 = Release|Any CPU
		{422E5AE9-2907-46A9-8602-9C6511B08D58}.Debug|Any CPU.ActiveCfg = Debug|Any CPU
		{422E5AE9-2907-46A9-8602-9C6511B08D58}.Debug|Any CPU.Build.0 = Debug|Any CPU
		{422E5AE9-2907-46A9-8602-9C6511B08D58}.Release|Any CPU.ActiveCfg = Release|Any CPU
		{422E5AE9-2907-46A9-8602-9C6511B08D58}.Release|Any CPU.Build.0 = Release|Any CPU
		{7EC436A6-AD77-4606-AC5A-B3FCDECCE1CF}.Debug|Any CPU.ActiveCfg = Debug|Any CPU
		{7EC436A6-AD77-4606-AC5A-B3FCDECCE1CF}.Debug|Any CPU.Build.0 = Debug|Any CPU
		{7EC436A6-AD77-4606-AC5A-B3FCDECCE1CF}.Release|Any CPU.ActiveCfg = Release|Any CPU
		{7EC436A6-AD77-4606-AC5A-B3FCDECCE1CF}.Release|Any CPU.Build.0 = Release|Any CPU
		{965E5076-6AC6-45CD-9A1C-58843B0B3131}.Debug|Any CPU.ActiveCfg = Debug|Any CPU
		{965E5076-6AC6-45CD-9A1C-58843B0B3131}.Debug|Any CPU.Build.0 = Debug|Any CPU
		{965E5076-6AC6-45CD-9A1C-58843B0B3131}.Release|Any CPU.ActiveCfg = Release|Any CPU
		{965E5076-6AC6-45CD-9A1C-58843B0B3131}.Release|Any CPU.Build.0 = Release|Any CPU
		{041D8E73-2BA6-43DB-874B-C0DC5B272292}.Debug|Any CPU.ActiveCfg = Debug|Any CPU
		{041D8E73-2BA6-43DB-874B-C0DC5B272292}.Debug|Any CPU.Build.0 = Debug|Any CPU
		{041D8E73-2BA6-43DB-874B-C0DC5B272292}.Release|Any CPU.ActiveCfg = Release|Any CPU
		{041D8E73-2BA6-43DB-874B-C0DC5B272292}.Release|Any CPU.Build.0 = Release|Any CPU
		{DBBA0FF9-9E62-499C-83F0-1671CC8E29C3}.Debug|Any CPU.ActiveCfg = Debug|Any CPU
		{DBBA0FF9-9E62-499C-83F0-1671CC8E29C3}.Debug|Any CPU.Build.0 = Debug|Any CPU
		{DBBA0FF9-9E62-499C-83F0-1671CC8E29C3}.Release|Any CPU.ActiveCfg = Release|Any CPU
		{DBBA0FF9-9E62-499C-83F0-1671CC8E29C3}.Release|Any CPU.Build.0 = Release|Any CPU
		{76F480D3-C9E2-4F38-BA36-015E76738162}.Debug|Any CPU.ActiveCfg = Debug|Any CPU
		{76F480D3-C9E2-4F38-BA36-015E76738162}.Debug|Any CPU.Build.0 = Debug|Any CPU
		{76F480D3-C9E2-4F38-BA36-015E76738162}.Release|Any CPU.ActiveCfg = Release|Any CPU
		{76F480D3-C9E2-4F38-BA36-015E76738162}.Release|Any CPU.Build.0 = Release|Any CPU
		{9459359D-3760-4425-A060-362580F73831}.Debug|Any CPU.ActiveCfg = Debug|Any CPU
		{9459359D-3760-4425-A060-362580F73831}.Debug|Any CPU.Build.0 = Debug|Any CPU
		{9459359D-3760-4425-A060-362580F73831}.Release|Any CPU.ActiveCfg = Release|Any CPU
		{9459359D-3760-4425-A060-362580F73831}.Release|Any CPU.Build.0 = Release|Any CPU
		{AC9FE863-160F-4A9C-B8DF-7D0AC29F420B}.Debug|Any CPU.ActiveCfg = Debug|Any CPU
		{AC9FE863-160F-4A9C-B8DF-7D0AC29F420B}.Debug|Any CPU.Build.0 = Debug|Any CPU
		{AC9FE863-160F-4A9C-B8DF-7D0AC29F420B}.Release|Any CPU.ActiveCfg = Release|Any CPU
		{AC9FE863-160F-4A9C-B8DF-7D0AC29F420B}.Release|Any CPU.Build.0 = Release|Any CPU
		{3A00CD4C-B6EF-40EC-B0EB-0F28AB14509F}.Debug|Any CPU.ActiveCfg = Debug|Any CPU
		{3A00CD4C-B6EF-40EC-B0EB-0F28AB14509F}.Debug|Any CPU.Build.0 = Debug|Any CPU
		{3A00CD4C-B6EF-40EC-B0EB-0F28AB14509F}.Release|Any CPU.ActiveCfg = Release|Any CPU
		{3A00CD4C-B6EF-40EC-B0EB-0F28AB14509F}.Release|Any CPU.Build.0 = Release|Any CPU
		{40D415B3-ECCF-4F60-A17B-200163816ECA}.Debug|Any CPU.ActiveCfg = Debug|Any CPU
		{40D415B3-ECCF-4F60-A17B-200163816ECA}.Debug|Any CPU.Build.0 = Debug|Any CPU
		{40D415B3-ECCF-4F60-A17B-200163816ECA}.Release|Any CPU.ActiveCfg = Release|Any CPU
		{40D415B3-ECCF-4F60-A17B-200163816ECA}.Release|Any CPU.Build.0 = Release|Any CPU
		{DD3D62F4-0AA1-4992-853E-195E0689D6BF}.Debug|Any CPU.ActiveCfg = Debug|Any CPU
		{DD3D62F4-0AA1-4992-853E-195E0689D6BF}.Debug|Any CPU.Build.0 = Debug|Any CPU
		{DD3D62F4-0AA1-4992-853E-195E0689D6BF}.Release|Any CPU.ActiveCfg = Release|Any CPU
		{DD3D62F4-0AA1-4992-853E-195E0689D6BF}.Release|Any CPU.Build.0 = Release|Any CPU
		{E24CB23E-6199-4FE3-AFB7-1C9B092A9838}.Debug|Any CPU.ActiveCfg = Debug|Any CPU
		{E24CB23E-6199-4FE3-AFB7-1C9B092A9838}.Debug|Any CPU.Build.0 = Debug|Any CPU
		{E24CB23E-6199-4FE3-AFB7-1C9B092A9838}.Release|Any CPU.ActiveCfg = Release|Any CPU
		{E24CB23E-6199-4FE3-AFB7-1C9B092A9838}.Release|Any CPU.Build.0 = Release|Any CPU
		{7203CC73-4F54-4D5B-B3F3-20BDC01174AD}.Debug|Any CPU.ActiveCfg = Debug|Any CPU
		{7203CC73-4F54-4D5B-B3F3-20BDC01174AD}.Debug|Any CPU.Build.0 = Debug|Any CPU
		{7203CC73-4F54-4D5B-B3F3-20BDC01174AD}.Release|Any CPU.ActiveCfg = Release|Any CPU
		{7203CC73-4F54-4D5B-B3F3-20BDC01174AD}.Release|Any CPU.Build.0 = Release|Any CPU
		{C105C443-207F-4AF2-A896-62487298BAD7}.Debug|Any CPU.ActiveCfg = Debug|Any CPU
		{C105C443-207F-4AF2-A896-62487298BAD7}.Debug|Any CPU.Build.0 = Debug|Any CPU
		{C105C443-207F-4AF2-A896-62487298BAD7}.Release|Any CPU.ActiveCfg = Release|Any CPU
		{C105C443-207F-4AF2-A896-62487298BAD7}.Release|Any CPU.Build.0 = Release|Any CPU
		{9DB99D95-65DF-43BD-961A-1BB68053C46A}.Debug|Any CPU.ActiveCfg = Debug|Any CPU
		{9DB99D95-65DF-43BD-961A-1BB68053C46A}.Debug|Any CPU.Build.0 = Debug|Any CPU
		{9DB99D95-65DF-43BD-961A-1BB68053C46A}.Release|Any CPU.ActiveCfg = Release|Any CPU
		{9DB99D95-65DF-43BD-961A-1BB68053C46A}.Release|Any CPU.Build.0 = Release|Any CPU
		{72CACF1E-3C13-42E5-8291-6D72875345A1}.Debug|Any CPU.ActiveCfg = Debug|Any CPU
		{72CACF1E-3C13-42E5-8291-6D72875345A1}.Debug|Any CPU.Build.0 = Debug|Any CPU
		{72CACF1E-3C13-42E5-8291-6D72875345A1}.Release|Any CPU.ActiveCfg = Release|Any CPU
		{72CACF1E-3C13-42E5-8291-6D72875345A1}.Release|Any CPU.Build.0 = Release|Any CPU
		{0B4EA2B9-52A2-4425-8FE7-7D1CD903E67F}.Debug|Any CPU.ActiveCfg = Debug|Any CPU
		{0B4EA2B9-52A2-4425-8FE7-7D1CD903E67F}.Debug|Any CPU.Build.0 = Debug|Any CPU
		{0B4EA2B9-52A2-4425-8FE7-7D1CD903E67F}.Release|Any CPU.ActiveCfg = Release|Any CPU
		{0B4EA2B9-52A2-4425-8FE7-7D1CD903E67F}.Release|Any CPU.Build.0 = Release|Any CPU
		{7901C5FC-2A5D-4149-A9D1-14628C26B590}.Debug|Any CPU.ActiveCfg = Debug|Any CPU
		{7901C5FC-2A5D-4149-A9D1-14628C26B590}.Debug|Any CPU.Build.0 = Debug|Any CPU
		{7901C5FC-2A5D-4149-A9D1-14628C26B590}.Release|Any CPU.ActiveCfg = Release|Any CPU
		{7901C5FC-2A5D-4149-A9D1-14628C26B590}.Release|Any CPU.Build.0 = Release|Any CPU
		{2F7371DB-CE00-41F2-BC21-5777BF29E94A}.Debug|Any CPU.ActiveCfg = Debug|Any CPU
		{2F7371DB-CE00-41F2-BC21-5777BF29E94A}.Debug|Any CPU.Build.0 = Debug|Any CPU
		{2F7371DB-CE00-41F2-BC21-5777BF29E94A}.Release|Any CPU.ActiveCfg = Release|Any CPU
		{2F7371DB-CE00-41F2-BC21-5777BF29E94A}.Release|Any CPU.Build.0 = Release|Any CPU
		{4F0431B9-228C-48F9-A27C-ABD56A8F453D}.Debug|Any CPU.ActiveCfg = Debug|Any CPU
		{4F0431B9-228C-48F9-A27C-ABD56A8F453D}.Debug|Any CPU.Build.0 = Debug|Any CPU
		{4F0431B9-228C-48F9-A27C-ABD56A8F453D}.Release|Any CPU.ActiveCfg = Release|Any CPU
		{4F0431B9-228C-48F9-A27C-ABD56A8F453D}.Release|Any CPU.Build.0 = Release|Any CPU
		{EC812843-837D-4DAB-97DF-2B4ED06E3659}.Debug|Any CPU.ActiveCfg = Debug|Any CPU
		{EC812843-837D-4DAB-97DF-2B4ED06E3659}.Debug|Any CPU.Build.0 = Debug|Any CPU
		{EC812843-837D-4DAB-97DF-2B4ED06E3659}.Release|Any CPU.ActiveCfg = Release|Any CPU
		{EC812843-837D-4DAB-97DF-2B4ED06E3659}.Release|Any CPU.Build.0 = Release|Any CPU
		{DC70AE3F-3D0A-40CD-A45D-FE7960EE35C3}.Debug|Any CPU.ActiveCfg = Debug|Any CPU
		{DC70AE3F-3D0A-40CD-A45D-FE7960EE35C3}.Debug|Any CPU.Build.0 = Debug|Any CPU
		{DC70AE3F-3D0A-40CD-A45D-FE7960EE35C3}.Release|Any CPU.ActiveCfg = Release|Any CPU
		{DC70AE3F-3D0A-40CD-A45D-FE7960EE35C3}.Release|Any CPU.Build.0 = Release|Any CPU
		{08B54DAC-FBCF-4C17-AF84-BA78E1F66A56}.Debug|Any CPU.ActiveCfg = Debug|Any CPU
		{08B54DAC-FBCF-4C17-AF84-BA78E1F66A56}.Debug|Any CPU.Build.0 = Debug|Any CPU
		{08B54DAC-FBCF-4C17-AF84-BA78E1F66A56}.Release|Any CPU.ActiveCfg = Release|Any CPU
		{08B54DAC-FBCF-4C17-AF84-BA78E1F66A56}.Release|Any CPU.Build.0 = Release|Any CPU
		{E8EAEBCC-6909-402D-9D07-02E50ECDF40A}.Debug|Any CPU.ActiveCfg = Debug|Any CPU
		{E8EAEBCC-6909-402D-9D07-02E50ECDF40A}.Debug|Any CPU.Build.0 = Debug|Any CPU
		{E8EAEBCC-6909-402D-9D07-02E50ECDF40A}.Release|Any CPU.ActiveCfg = Release|Any CPU
		{E8EAEBCC-6909-402D-9D07-02E50ECDF40A}.Release|Any CPU.Build.0 = Release|Any CPU
		{5255346D-20E6-4BD8-BE6C-2F95E41FB187}.Debug|Any CPU.ActiveCfg = Debug|Any CPU
		{5255346D-20E6-4BD8-BE6C-2F95E41FB187}.Debug|Any CPU.Build.0 = Debug|Any CPU
		{5255346D-20E6-4BD8-BE6C-2F95E41FB187}.Release|Any CPU.ActiveCfg = Release|Any CPU
		{5255346D-20E6-4BD8-BE6C-2F95E41FB187}.Release|Any CPU.Build.0 = Release|Any CPU
		{04AB74B7-A193-4E3A-83B4-25F49924279B}.Debug|Any CPU.ActiveCfg = Debug|Any CPU
		{04AB74B7-A193-4E3A-83B4-25F49924279B}.Debug|Any CPU.Build.0 = Debug|Any CPU
		{04AB74B7-A193-4E3A-83B4-25F49924279B}.Release|Any CPU.ActiveCfg = Release|Any CPU
		{04AB74B7-A193-4E3A-83B4-25F49924279B}.Release|Any CPU.Build.0 = Release|Any CPU
		{9FCABF28-B487-4E51-AD76-56BEEA96E192}.Debug|Any CPU.ActiveCfg = Debug|Any CPU
		{9FCABF28-B487-4E51-AD76-56BEEA96E192}.Debug|Any CPU.Build.0 = Debug|Any CPU
		{9FCABF28-B487-4E51-AD76-56BEEA96E192}.Release|Any CPU.ActiveCfg = Release|Any CPU
		{9FCABF28-B487-4E51-AD76-56BEEA96E192}.Release|Any CPU.Build.0 = Release|Any CPU
		{F75F4CA3-479F-4BF5-849B-51EA3DA4B877}.Debug|Any CPU.ActiveCfg = Debug|Any CPU
		{F75F4CA3-479F-4BF5-849B-51EA3DA4B877}.Debug|Any CPU.Build.0 = Debug|Any CPU
		{F75F4CA3-479F-4BF5-849B-51EA3DA4B877}.Release|Any CPU.ActiveCfg = Release|Any CPU
		{F75F4CA3-479F-4BF5-849B-51EA3DA4B877}.Release|Any CPU.Build.0 = Release|Any CPU
		{51EDB1BA-DD8D-4C0D-BEB8-79C642174B1C}.Debug|Any CPU.ActiveCfg = Debug|Any CPU
		{51EDB1BA-DD8D-4C0D-BEB8-79C642174B1C}.Debug|Any CPU.Build.0 = Debug|Any CPU
		{51EDB1BA-DD8D-4C0D-BEB8-79C642174B1C}.Release|Any CPU.ActiveCfg = Release|Any CPU
		{51EDB1BA-DD8D-4C0D-BEB8-79C642174B1C}.Release|Any CPU.Build.0 = Release|Any CPU
		{496EFD36-3E7A-4973-8E25-6CD47197B7BA}.Debug|Any CPU.ActiveCfg = Debug|Any CPU
		{496EFD36-3E7A-4973-8E25-6CD47197B7BA}.Debug|Any CPU.Build.0 = Debug|Any CPU
		{496EFD36-3E7A-4973-8E25-6CD47197B7BA}.Release|Any CPU.ActiveCfg = Release|Any CPU
		{496EFD36-3E7A-4973-8E25-6CD47197B7BA}.Release|Any CPU.Build.0 = Release|Any CPU
		{3A04E297-E813-4C42-974E-8CBE2591E9AF}.Debug|Any CPU.ActiveCfg = Debug|Any CPU
		{3A04E297-E813-4C42-974E-8CBE2591E9AF}.Debug|Any CPU.Build.0 = Debug|Any CPU
		{3A04E297-E813-4C42-974E-8CBE2591E9AF}.Release|Any CPU.ActiveCfg = Release|Any CPU
		{3A04E297-E813-4C42-974E-8CBE2591E9AF}.Release|Any CPU.Build.0 = Release|Any CPU
		{5B5C0A8C-B893-44CE-ADC2-7DEAC09BAA2F}.Debug|Any CPU.ActiveCfg = Debug|Any CPU
		{5B5C0A8C-B893-44CE-ADC2-7DEAC09BAA2F}.Debug|Any CPU.Build.0 = Debug|Any CPU
		{5B5C0A8C-B893-44CE-ADC2-7DEAC09BAA2F}.Release|Any CPU.ActiveCfg = Release|Any CPU
		{5B5C0A8C-B893-44CE-ADC2-7DEAC09BAA2F}.Release|Any CPU.Build.0 = Release|Any CPU
		{D2A21A43-98DD-4D86-9574-721F71F35776}.Debug|Any CPU.ActiveCfg = Debug|Any CPU
		{D2A21A43-98DD-4D86-9574-721F71F35776}.Debug|Any CPU.Build.0 = Debug|Any CPU
		{D2A21A43-98DD-4D86-9574-721F71F35776}.Release|Any CPU.ActiveCfg = Release|Any CPU
		{D2A21A43-98DD-4D86-9574-721F71F35776}.Release|Any CPU.Build.0 = Release|Any CPU
		{A0E425B6-9015-4C30-A0A6-C748796A5B75}.Debug|Any CPU.ActiveCfg = Debug|Any CPU
		{A0E425B6-9015-4C30-A0A6-C748796A5B75}.Debug|Any CPU.Build.0 = Debug|Any CPU
		{A0E425B6-9015-4C30-A0A6-C748796A5B75}.Release|Any CPU.ActiveCfg = Release|Any CPU
		{A0E425B6-9015-4C30-A0A6-C748796A5B75}.Release|Any CPU.Build.0 = Release|Any CPU
		{EB9CF976-BB86-43C8-ACC2-23B8AF965721}.Debug|Any CPU.ActiveCfg = Debug|Any CPU
		{EB9CF976-BB86-43C8-ACC2-23B8AF965721}.Debug|Any CPU.Build.0 = Debug|Any CPU
		{EB9CF976-BB86-43C8-ACC2-23B8AF965721}.Release|Any CPU.ActiveCfg = Release|Any CPU
		{EB9CF976-BB86-43C8-ACC2-23B8AF965721}.Release|Any CPU.Build.0 = Release|Any CPU
		{D2D27FA0-A68B-41B3-B250-EF2F967970E8}.Debug|Any CPU.ActiveCfg = Debug|Any CPU
		{D2D27FA0-A68B-41B3-B250-EF2F967970E8}.Debug|Any CPU.Build.0 = Debug|Any CPU
		{D2D27FA0-A68B-41B3-B250-EF2F967970E8}.Release|Any CPU.ActiveCfg = Release|Any CPU
		{D2D27FA0-A68B-41B3-B250-EF2F967970E8}.Release|Any CPU.Build.0 = Release|Any CPU
		{3ECE750B-3298-4A82-97A3-1A54C81FA00E}.Debug|Any CPU.ActiveCfg = Debug|Any CPU
		{3ECE750B-3298-4A82-97A3-1A54C81FA00E}.Debug|Any CPU.Build.0 = Debug|Any CPU
		{3ECE750B-3298-4A82-97A3-1A54C81FA00E}.Release|Any CPU.ActiveCfg = Release|Any CPU
		{3ECE750B-3298-4A82-97A3-1A54C81FA00E}.Release|Any CPU.Build.0 = Release|Any CPU
		{AC8D5303-9C9D-4665-B646-D04831FE1F5E}.Debug|Any CPU.ActiveCfg = Debug|Any CPU
		{AC8D5303-9C9D-4665-B646-D04831FE1F5E}.Debug|Any CPU.Build.0 = Debug|Any CPU
		{AC8D5303-9C9D-4665-B646-D04831FE1F5E}.Release|Any CPU.ActiveCfg = Release|Any CPU
		{AC8D5303-9C9D-4665-B646-D04831FE1F5E}.Release|Any CPU.Build.0 = Release|Any CPU
		{0E56142F-9DDE-4BB6-8387-5E24059FE833}.Debug|Any CPU.ActiveCfg = Debug|Any CPU
		{0E56142F-9DDE-4BB6-8387-5E24059FE833}.Debug|Any CPU.Build.0 = Debug|Any CPU
		{0E56142F-9DDE-4BB6-8387-5E24059FE833}.Release|Any CPU.ActiveCfg = Release|Any CPU
		{0E56142F-9DDE-4BB6-8387-5E24059FE833}.Release|Any CPU.Build.0 = Release|Any CPU
		{D4FFBE09-0517-4C35-A1A4-F75DCC43CF9F}.Debug|Any CPU.ActiveCfg = Debug|Any CPU
		{D4FFBE09-0517-4C35-A1A4-F75DCC43CF9F}.Debug|Any CPU.Build.0 = Debug|Any CPU
		{D4FFBE09-0517-4C35-A1A4-F75DCC43CF9F}.Release|Any CPU.ActiveCfg = Release|Any CPU
		{D4FFBE09-0517-4C35-A1A4-F75DCC43CF9F}.Release|Any CPU.Build.0 = Release|Any CPU
		{FA9FD4C4-B2F3-4016-B50E-4B2FC422DFE1}.Debug|Any CPU.ActiveCfg = Debug|Any CPU
		{FA9FD4C4-B2F3-4016-B50E-4B2FC422DFE1}.Debug|Any CPU.Build.0 = Debug|Any CPU
		{FA9FD4C4-B2F3-4016-B50E-4B2FC422DFE1}.Release|Any CPU.ActiveCfg = Release|Any CPU
		{FA9FD4C4-B2F3-4016-B50E-4B2FC422DFE1}.Release|Any CPU.Build.0 = Release|Any CPU
		{9291549F-3D1F-456C-8F0B-A13DC3860832}.Debug|Any CPU.ActiveCfg = Debug|Any CPU
		{9291549F-3D1F-456C-8F0B-A13DC3860832}.Debug|Any CPU.Build.0 = Debug|Any CPU
		{9291549F-3D1F-456C-8F0B-A13DC3860832}.Release|Any CPU.ActiveCfg = Release|Any CPU
		{9291549F-3D1F-456C-8F0B-A13DC3860832}.Release|Any CPU.Build.0 = Release|Any CPU
		{B6C3EC1D-6F9F-49FD-94D2-2269E26FAD24}.Debug|Any CPU.ActiveCfg = Debug|Any CPU
		{B6C3EC1D-6F9F-49FD-94D2-2269E26FAD24}.Debug|Any CPU.Build.0 = Debug|Any CPU
		{B6C3EC1D-6F9F-49FD-94D2-2269E26FAD24}.Release|Any CPU.ActiveCfg = Release|Any CPU
		{B6C3EC1D-6F9F-49FD-94D2-2269E26FAD24}.Release|Any CPU.Build.0 = Release|Any CPU
		{5DAF8B0E-1102-4750-A8EF-5F0D0B7D70BF}.Debug|Any CPU.ActiveCfg = Debug|Any CPU
		{5DAF8B0E-1102-4750-A8EF-5F0D0B7D70BF}.Debug|Any CPU.Build.0 = Debug|Any CPU
		{5DAF8B0E-1102-4750-A8EF-5F0D0B7D70BF}.Release|Any CPU.ActiveCfg = Release|Any CPU
		{5DAF8B0E-1102-4750-A8EF-5F0D0B7D70BF}.Release|Any CPU.Build.0 = Release|Any CPU
		{1222DDCD-72DC-4240-8D2B-43ED4CFFBC73}.Debug|Any CPU.ActiveCfg = Debug|Any CPU
		{1222DDCD-72DC-4240-8D2B-43ED4CFFBC73}.Debug|Any CPU.Build.0 = Debug|Any CPU
		{1222DDCD-72DC-4240-8D2B-43ED4CFFBC73}.Release|Any CPU.ActiveCfg = Release|Any CPU
		{1222DDCD-72DC-4240-8D2B-43ED4CFFBC73}.Release|Any CPU.Build.0 = Release|Any CPU
		{8D8B87FB-D15D-432A-A1C0-BCB6801F1DD8}.Debug|Any CPU.ActiveCfg = Debug|Any CPU
		{8D8B87FB-D15D-432A-A1C0-BCB6801F1DD8}.Debug|Any CPU.Build.0 = Debug|Any CPU
		{8D8B87FB-D15D-432A-A1C0-BCB6801F1DD8}.Release|Any CPU.ActiveCfg = Release|Any CPU
		{8D8B87FB-D15D-432A-A1C0-BCB6801F1DD8}.Release|Any CPU.Build.0 = Release|Any CPU
		{9BFA4560-FBE3-48AE-AC61-79FEA144D256}.Debug|Any CPU.ActiveCfg = Debug|Any CPU
		{9BFA4560-FBE3-48AE-AC61-79FEA144D256}.Debug|Any CPU.Build.0 = Debug|Any CPU
		{9BFA4560-FBE3-48AE-AC61-79FEA144D256}.Release|Any CPU.ActiveCfg = Release|Any CPU
		{9BFA4560-FBE3-48AE-AC61-79FEA144D256}.Release|Any CPU.Build.0 = Release|Any CPU
		{89F18BE2-7388-4C12-BC4F-EDFC7AADEC4D}.Debug|Any CPU.ActiveCfg = Debug|Any CPU
		{89F18BE2-7388-4C12-BC4F-EDFC7AADEC4D}.Debug|Any CPU.Build.0 = Debug|Any CPU
		{89F18BE2-7388-4C12-BC4F-EDFC7AADEC4D}.Release|Any CPU.ActiveCfg = Release|Any CPU
		{89F18BE2-7388-4C12-BC4F-EDFC7AADEC4D}.Release|Any CPU.Build.0 = Release|Any CPU
		{603D4863-CF8D-4F79-98AC-949CB4DB7126}.Debug|Any CPU.ActiveCfg = Debug|Any CPU
		{603D4863-CF8D-4F79-98AC-949CB4DB7126}.Debug|Any CPU.Build.0 = Debug|Any CPU
		{603D4863-CF8D-4F79-98AC-949CB4DB7126}.Release|Any CPU.ActiveCfg = Release|Any CPU
		{603D4863-CF8D-4F79-98AC-949CB4DB7126}.Release|Any CPU.Build.0 = Release|Any CPU
		{E9276156-4855-4D94-86AA-A9349E147A0D}.Debug|Any CPU.ActiveCfg = Debug|Any CPU
		{E9276156-4855-4D94-86AA-A9349E147A0D}.Debug|Any CPU.Build.0 = Debug|Any CPU
		{E9276156-4855-4D94-86AA-A9349E147A0D}.Release|Any CPU.ActiveCfg = Release|Any CPU
		{E9276156-4855-4D94-86AA-A9349E147A0D}.Release|Any CPU.Build.0 = Release|Any CPU
		{64D4C2DA-BF65-472E-A99A-E4F0E4B2D184}.Debug|Any CPU.ActiveCfg = Debug|Any CPU
		{64D4C2DA-BF65-472E-A99A-E4F0E4B2D184}.Debug|Any CPU.Build.0 = Debug|Any CPU
		{64D4C2DA-BF65-472E-A99A-E4F0E4B2D184}.Release|Any CPU.ActiveCfg = Release|Any CPU
		{64D4C2DA-BF65-472E-A99A-E4F0E4B2D184}.Release|Any CPU.Build.0 = Release|Any CPU
		{AC269AB5-BAAD-4A8C-BB5B-5CBE587F0A24}.Debug|Any CPU.ActiveCfg = Debug|Any CPU
		{AC269AB5-BAAD-4A8C-BB5B-5CBE587F0A24}.Debug|Any CPU.Build.0 = Debug|Any CPU
		{AC269AB5-BAAD-4A8C-BB5B-5CBE587F0A24}.Release|Any CPU.ActiveCfg = Release|Any CPU
		{AC269AB5-BAAD-4A8C-BB5B-5CBE587F0A24}.Release|Any CPU.Build.0 = Release|Any CPU
		{91B73769-DC59-4648-9DAD-017865D66E14}.Debug|Any CPU.ActiveCfg = Debug|Any CPU
		{91B73769-DC59-4648-9DAD-017865D66E14}.Debug|Any CPU.Build.0 = Debug|Any CPU
		{91B73769-DC59-4648-9DAD-017865D66E14}.Release|Any CPU.ActiveCfg = Release|Any CPU
		{91B73769-DC59-4648-9DAD-017865D66E14}.Release|Any CPU.Build.0 = Release|Any CPU
		{9E7EF533-558E-4D87-915B-E8B2CD2D61F1}.Debug|Any CPU.ActiveCfg = Debug|Any CPU
		{9E7EF533-558E-4D87-915B-E8B2CD2D61F1}.Debug|Any CPU.Build.0 = Debug|Any CPU
		{9E7EF533-558E-4D87-915B-E8B2CD2D61F1}.Release|Any CPU.ActiveCfg = Release|Any CPU
		{9E7EF533-558E-4D87-915B-E8B2CD2D61F1}.Release|Any CPU.Build.0 = Release|Any CPU
		{DBAEF165-5A20-44F4-B2FB-9348B6997380}.Debug|Any CPU.ActiveCfg = Debug|Any CPU
		{DBAEF165-5A20-44F4-B2FB-9348B6997380}.Debug|Any CPU.Build.0 = Debug|Any CPU
		{DBAEF165-5A20-44F4-B2FB-9348B6997380}.Release|Any CPU.ActiveCfg = Release|Any CPU
		{DBAEF165-5A20-44F4-B2FB-9348B6997380}.Release|Any CPU.Build.0 = Release|Any CPU
		{EAC3CCD1-3921-4798-9028-ED6168308578}.Debug|Any CPU.ActiveCfg = Debug|Any CPU
		{EAC3CCD1-3921-4798-9028-ED6168308578}.Debug|Any CPU.Build.0 = Debug|Any CPU
		{EAC3CCD1-3921-4798-9028-ED6168308578}.Release|Any CPU.ActiveCfg = Release|Any CPU
		{EAC3CCD1-3921-4798-9028-ED6168308578}.Release|Any CPU.Build.0 = Release|Any CPU
		{226A94D1-8B5E-4B6F-B90F-1DDA3B061272}.Debug|Any CPU.ActiveCfg = Debug|Any CPU
		{226A94D1-8B5E-4B6F-B90F-1DDA3B061272}.Debug|Any CPU.Build.0 = Debug|Any CPU
		{226A94D1-8B5E-4B6F-B90F-1DDA3B061272}.Release|Any CPU.ActiveCfg = Release|Any CPU
		{226A94D1-8B5E-4B6F-B90F-1DDA3B061272}.Release|Any CPU.Build.0 = Release|Any CPU
		{3CBC99C2-87E4-40F4-A2E9-42DF40CEF7D2}.Debug|Any CPU.ActiveCfg = Debug|Any CPU
		{3CBC99C2-87E4-40F4-A2E9-42DF40CEF7D2}.Debug|Any CPU.Build.0 = Debug|Any CPU
		{3CBC99C2-87E4-40F4-A2E9-42DF40CEF7D2}.Release|Any CPU.ActiveCfg = Release|Any CPU
		{3CBC99C2-87E4-40F4-A2E9-42DF40CEF7D2}.Release|Any CPU.Build.0 = Release|Any CPU
		{E5B31D67-A1FA-447D-882F-B57F412D7D15}.Debug|Any CPU.ActiveCfg = Debug|Any CPU
		{E5B31D67-A1FA-447D-882F-B57F412D7D15}.Debug|Any CPU.Build.0 = Debug|Any CPU
		{E5B31D67-A1FA-447D-882F-B57F412D7D15}.Release|Any CPU.ActiveCfg = Release|Any CPU
		{E5B31D67-A1FA-447D-882F-B57F412D7D15}.Release|Any CPU.Build.0 = Release|Any CPU
		{F3396C37-60F7-4B7F-97BB-AFBC5EFA17CB}.Debug|Any CPU.ActiveCfg = Debug|Any CPU
		{F3396C37-60F7-4B7F-97BB-AFBC5EFA17CB}.Debug|Any CPU.Build.0 = Debug|Any CPU
		{F3396C37-60F7-4B7F-97BB-AFBC5EFA17CB}.Release|Any CPU.ActiveCfg = Release|Any CPU
		{F3396C37-60F7-4B7F-97BB-AFBC5EFA17CB}.Release|Any CPU.Build.0 = Release|Any CPU
		{3E3E0C14-24B2-4DD5-9DF3-9DBA058CE354}.Debug|Any CPU.ActiveCfg = Debug|Any CPU
		{3E3E0C14-24B2-4DD5-9DF3-9DBA058CE354}.Debug|Any CPU.Build.0 = Debug|Any CPU
		{3E3E0C14-24B2-4DD5-9DF3-9DBA058CE354}.Release|Any CPU.ActiveCfg = Release|Any CPU
		{3E3E0C14-24B2-4DD5-9DF3-9DBA058CE354}.Release|Any CPU.Build.0 = Release|Any CPU
		{D5BE092D-0355-45B4-A561-FD33927D03AB}.Debug|Any CPU.ActiveCfg = Debug|Any CPU
		{D5BE092D-0355-45B4-A561-FD33927D03AB}.Debug|Any CPU.Build.0 = Debug|Any CPU
		{D5BE092D-0355-45B4-A561-FD33927D03AB}.Release|Any CPU.ActiveCfg = Release|Any CPU
		{D5BE092D-0355-45B4-A561-FD33927D03AB}.Release|Any CPU.Build.0 = Release|Any CPU
		{5AD1906E-BDE4-4ED1-A47E-5DBD9BFAEFA9}.Debug|Any CPU.ActiveCfg = Debug|Any CPU
		{5AD1906E-BDE4-4ED1-A47E-5DBD9BFAEFA9}.Debug|Any CPU.Build.0 = Debug|Any CPU
		{5AD1906E-BDE4-4ED1-A47E-5DBD9BFAEFA9}.Release|Any CPU.ActiveCfg = Release|Any CPU
		{5AD1906E-BDE4-4ED1-A47E-5DBD9BFAEFA9}.Release|Any CPU.Build.0 = Release|Any CPU
		{8FB9CB34-F418-4AC5-82E2-3B0B5E8A0A8E}.Debug|Any CPU.ActiveCfg = Debug|Any CPU
		{8FB9CB34-F418-4AC5-82E2-3B0B5E8A0A8E}.Debug|Any CPU.Build.0 = Debug|Any CPU
		{8FB9CB34-F418-4AC5-82E2-3B0B5E8A0A8E}.Release|Any CPU.ActiveCfg = Release|Any CPU
		{8FB9CB34-F418-4AC5-82E2-3B0B5E8A0A8E}.Release|Any CPU.Build.0 = Release|Any CPU
		{74D7DF61-06EA-4DCF-81AC-539D8211CF9F}.Debug|Any CPU.ActiveCfg = Debug|Any CPU
		{74D7DF61-06EA-4DCF-81AC-539D8211CF9F}.Debug|Any CPU.Build.0 = Debug|Any CPU
		{74D7DF61-06EA-4DCF-81AC-539D8211CF9F}.Release|Any CPU.ActiveCfg = Release|Any CPU
		{74D7DF61-06EA-4DCF-81AC-539D8211CF9F}.Release|Any CPU.Build.0 = Release|Any CPU
		{641438FF-4FEB-4E72-9ECE-0D6BCF853A54}.Debug|Any CPU.ActiveCfg = Debug|Any CPU
		{641438FF-4FEB-4E72-9ECE-0D6BCF853A54}.Debug|Any CPU.Build.0 = Debug|Any CPU
		{641438FF-4FEB-4E72-9ECE-0D6BCF853A54}.Release|Any CPU.ActiveCfg = Release|Any CPU
		{641438FF-4FEB-4E72-9ECE-0D6BCF853A54}.Release|Any CPU.Build.0 = Release|Any CPU
	EndGlobalSection
	GlobalSection(SolutionProperties) = preSolution
		HideSolutionNode = FALSE
	EndGlobalSection
	GlobalSection(ExtensibilityGlobals) = postSolution
		SolutionGuid = {0C6CDFF7-3FAB-4FA2-B116-12EAF5A1C8A0}
	EndGlobalSection
EndGlobal
